
Microsoft Visual Studio Solution File, Format Version 12.00
# Visual Studio 15
Project("{FAE04EC0-301F-11D3-BF4B-00C04F79EFBC}") = "Unity.Timeline", "Unity.Timeline.csproj", "{DDF35A75-94CD-F3CC-8FB8-4ABE55D47967}"
EndProject
Project("{FAE04EC0-301F-11D3-BF4B-00C04F79EFBC}") = "Unity.InputSystem", "Unity.InputSystem.csproj", "{FCB42CF1-208F-F0B9-5E9C-57ECD677A831}"
EndProject
Project("{FAE04EC0-301F-11D3-BF4B-00C04F79EFBC}") = "Unity.ShaderGraph.Editor", "Unity.ShaderGraph.Editor.csproj", "{7876D8AB-4962-BF60-0133-1590560A996E}"
EndProject
Project("{FAE04EC0-301F-11D3-BF4B-00C04F79EFBC}") = "Assembly-CSharp", "Assembly-CSharp.csproj", "{1EE98971-DB57-CCE3-EB35-7D60258BAC4D}"
EndProject
Project("{FAE04EC0-301F-11D3-BF4B-00C04F79EFBC}") = "Unity.2D.Aseprite.Editor", "Unity.2D.Aseprite.Editor.csproj", "{0D8F7209-4E57-FC92-C823-1E28C94BFFF2}"
EndProject
Project("{FAE04EC0-301F-11D3-BF4B-00C04F79EFBC}") = "Unity.Localization", "Unity.Localization.csproj", "{45A0834D-70CE-EB51-2E0D-F6638B3F7AFD}"
EndProject
Project("{FAE04EC0-301F-11D3-BF4B-00C04F79EFBC}") = "Unity.VisualScripting.Flow", "Unity.VisualScripting.Flow.csproj", "{AE82F979-E3C4-D8A6-DD83-CE2208CB656F}"
EndProject
Project("{FAE04EC0-301F-11D3-BF4B-00C04F79EFBC}") = "Unity.Localization.Editor", "Unity.Localization.Editor.csproj", "{0B43402E-0BF2-6852-C031-58DF52467E08}"
EndProject
Project("{FAE04EC0-301F-11D3-BF4B-00C04F79EFBC}") = "Unity.RenderPipelines.Universal.Runtime", "Unity.RenderPipelines.Universal.Runtime.csproj", "{DE5D389F-A63B-8AD0-B70A-7293D3A89361}"
EndProject
Project("{FAE04EC0-301F-11D3-BF4B-00C04F79EFBC}") = "UnityEditor.UI", "UnityEditor.UI.csproj", "{654CCE82-BDC3-2D80-004C-C53084781849}"
EndProject
Project("{FAE04EC0-301F-11D3-BF4B-00C04F79EFBC}") = "Unity.Timeline.Editor", "Unity.Timeline.Editor.csproj", "{4D00231B-DCC7-7766-1A73-EFACADF6E3B9}"
EndProject
Project("{FAE04EC0-301F-11D3-BF4B-00C04F79EFBC}") = "Unity.PlasticSCM.Editor", "Unity.PlasticSCM.Editor.csproj", "{0C36E8F5-97ED-9A44-1736-00CC67E69792}"
EndProject
Project("{FAE04EC0-301F-11D3-BF4B-00C04F79EFBC}") = "Unity.RenderPipelines.Core.Runtime", "Unity.RenderPipelines.Core.Runtime.csproj", "{3AB0A0D6-1DA1-E03A-AD25-93B55AEEFCA2}"
EndProject
Project("{FAE04EC0-301F-11D3-BF4B-00C04F79EFBC}") = "Unity.ScriptableBuildPipeline.Editor", "Unity.ScriptableBuildPipeline.Editor.csproj", "{C93C1783-7B29-F6DF-27F7-49A65384D48F}"
EndProject
Project("{FAE04EC0-301F-11D3-BF4B-00C04F79EFBC}") = "Unity.Splines.Editor", "Unity.Splines.Editor.csproj", "{27AE9D80-275A-81C4-60D3-ACC2B1662F85}"
EndProject
Project("{FAE04EC0-301F-11D3-BF4B-00C04F79EFBC}") = "Unity.Mathematics", "Unity.Mathematics.csproj", "{F9A34661-5741-53A6-6FAB-341713787B47}"
EndProject
Project("{FAE04EC0-301F-11D3-BF4B-00C04F79EFBC}") = "Unity.RenderPipelines.Core.Editor", "Unity.RenderPipelines.Core.Editor.csproj", "{DB231E43-1DD6-76E0-04A6-A3A60B1C493C}"
EndProject
Project("{FAE04EC0-301F-11D3-BF4B-00C04F79EFBC}") = "Unity.Cinemachine.Editor", "Unity.Cinemachine.Editor.csproj", "{8FE65CFE-7C27-0F49-5B05-894D0D4DCF26}"
EndProject
Project("{FAE04EC0-301F-11D3-BF4B-00C04F79EFBC}") = "Unity.2D.Common.Path.Editor", "Unity.2D.Common.Path.Editor.csproj", "{260CE300-21E4-B12B-D87A-AE84A3CCCFF4}"
EndProject
Project("{FAE04EC0-301F-11D3-BF4B-00C04F79EFBC}") = "Unity.Addressables.Editor", "Unity.Addressables.Editor.csproj", "{D9747591-7B5A-A494-6CB5-31F38AF53A2B}"
EndProject
Project("{FAE04EC0-301F-11D3-BF4B-00C04F79EFBC}") = "Unity.2D.Psdimporter.Editor", "Unity.2D.Psdimporter.Editor.csproj", "{7533B809-2362-D119-0537-11A5B6BA184B}"
EndProject
Project("{FAE04EC0-301F-11D3-BF4B-00C04F79EFBC}") = "Unity.2D.IK.Runtime", "Unity.2D.IK.Runtime.csproj", "{CEF43019-7422-1C3E-361D-006603D0A00E}"
EndProject
Project("{FAE04EC0-301F-11D3-BF4B-00C04F79EFBC}") = "Unity.VisualScripting.Core.Editor", "Unity.VisualScripting.Core.Editor.csproj", "{16757258-2471-5D92-B843-97282D25988B}"
EndProject
Project("{FAE04EC0-301F-11D3-BF4B-00C04F79EFBC}") = "UnityEditor.TestRunner", "UnityEditor.TestRunner.csproj", "{C6E4E1C8-3865-6B87-E4A6-AFD750D2FBD3}"
EndProject
Project("{FAE04EC0-301F-11D3-BF4B-00C04F79EFBC}") = "Unity.RenderPipelines.Universal.Editor", "Unity.RenderPipelines.Universal.Editor.csproj", "{B815C48F-9B87-1F3B-8069-3591B8014E47}"
EndProject
Project("{FAE04EC0-301F-11D3-BF4B-00C04F79EFBC}") = "Unity.TextMeshPro.Editor", "Unity.TextMeshPro.Editor.csproj", "{D6B5A691-D100-DD8D-D7B5-027FA51418BA}"
EndProject
Project("{FAE04EC0-301F-11D3-BF4B-00C04F79EFBC}") = "UnityEngine.TestRunner", "UnityEngine.TestRunner.csproj", "{7A320F0F-6DC0-924D-CC42-35D49CDFE081}"
EndProject
Project("{FAE04EC0-301F-11D3-BF4B-00C04F79EFBC}") = "Unity.VisualScripting.Core", "Unity.VisualScripting.Core.csproj", "{66F7615F-406E-79A0-8576-4E821F90CCC4}"
EndProject
Project("{FAE04EC0-301F-11D3-BF4B-00C04F79EFBC}") = "Unity.VisualScripting.Flow.Editor", "Unity.VisualScripting.Flow.Editor.csproj", "{4CC03AF5-10A5-598E-78AA-C910A499BF44}"
EndProject
Project("{FAE04EC0-301F-11D3-BF4B-00C04F79EFBC}") = "Unity.2D.Tilemap.Editor", "Unity.2D.Tilemap.Editor.csproj", "{7C8B942D-9319-FE3D-6815-1C5E0C0F2BB4}"
EndProject
Project("{FAE04EC0-301F-11D3-BF4B-00C04F79EFBC}") = "Unity.Searcher.Editor", "Unity.Searcher.Editor.csproj", "{B23D2A13-D143-FCF4-F291-7D8609DC8638}"
EndProject
Project("{FAE04EC0-301F-11D3-BF4B-00C04F79EFBC}") = "Unity.Burst", "Unity.Burst.csproj", "{0C044554-3250-9BE3-F2E0-1007B7A07FFE}"
EndProject
Project("{FAE04EC0-301F-11D3-BF4B-00C04F79EFBC}") = "PsdPlugin", "PsdPlugin.csproj", "{B69E410A-1A79-02B2-A04C-B863D6A9150D}"
EndProject
Project("{FAE04EC0-301F-11D3-BF4B-00C04F79EFBC}") = "Unity.AI.Navigation.Editor", "Unity.AI.Navigation.Editor.csproj", "{128AC0FF-9D09-5CAE-9861-203EB9852D77}"
EndProject
Project("{FAE04EC0-301F-11D3-BF4B-00C04F79EFBC}") = "Unity.Collections", "Unity.Collections.csproj", "{4B06BE4A-57F3-65BA-A715-1E11874D78CA}"
EndProject
Project("{FAE04EC0-301F-11D3-BF4B-00C04F79EFBC}") = "Unity.2D.Animation.Editor", "Unity.2D.Animation.Editor.csproj", "{76F0C79E-4669-B964-B593-1F6D016702CE}"
EndProject
Project("{FAE04EC0-301F-11D3-BF4B-00C04F79EFBC}") = "Unity.2D.SpriteShape.Editor", "Unity.2D.SpriteShape.Editor.csproj", "{0DEAF17C-0D79-E547-584C-0FD34333AF44}"
EndProject
Project("{FAE04EC0-301F-11D3-BF4B-00C04F79EFBC}") = "Unity.VisualStudio.Editor", "Unity.VisualStudio.Editor.csproj", "{89DF5CE0-9191-A947-4FD9-642F3758309A}"
EndProject
Project("{FAE04EC0-301F-11D3-BF4B-00C04F79EFBC}") = "Domicile.StateMachine", "Domicile.StateMachine.csproj", "{B2F8A7AB-F447-6708-A6B6-40AABEDDE55F}"
EndProject
Project("{FAE04EC0-301F-11D3-BF4B-00C04F79EFBC}") = "PPv2URPConverters", "PPv2URPConverters.csproj", "{C45B69DE-DFA6-ACA6-14B9-183F8BD77AD7}"
EndProject
Project("{FAE04EC0-301F-11D3-BF4B-00C04F79EFBC}") = "NavMeshPlusEditor", "NavMeshPlusEditor.csproj", "{294FAAAE-93DA-A8CD-33DB-53F20A1BA5D1}"
EndProject
Project("{FAE04EC0-301F-11D3-BF4B-00C04F79EFBC}") = "Unity.Rider.Editor", "Unity.Rider.Editor.csproj", "{CD7A13A7-41A6-BDEA-8432-8D6AC5BAAF59}"
EndProject
Project("{FAE04EC0-301F-11D3-BF4B-00C04F79EFBC}") = "Unity.InternalAPIEditorBridge.001", "Unity.InternalAPIEditorBridge.001.csproj", "{4AA7F319-729B-60B3-6BAB-93B046328CD0}"
EndProject
Project("{FAE04EC0-301F-11D3-BF4B-00C04F79EFBC}") = "Unity.ResourceManager", "Unity.ResourceManager.csproj", "{9B68A1FF-535D-A88B-E698-77EF2FABD21B}"
EndProject
Project("{FAE04EC0-301F-11D3-BF4B-00C04F79EFBC}") = "Unity.Cinemachine", "Unity.Cinemachine.csproj", "{8B1841E4-F53C-58E8-9E09-0BCB564D74ED}"
EndProject
Project("{FAE04EC0-301F-11D3-BF4B-00C04F79EFBC}") = "Unity.2D.SpriteShape.Runtime", "Unity.2D.SpriteShape.Runtime.csproj", "{C9C28A68-F806-A58D-AD7D-63060646B4AA}"
EndProject
Project("{FAE04EC0-301F-11D3-BF4B-00C04F79EFBC}") = "Meryel.CodeAssist.Editor", "Meryel.CodeAssist.Editor.csproj", "{1B050F6C-1162-4841-680F-E61E013E1EC3}"
EndProject
Project("{FAE04EC0-301F-11D3-BF4B-00C04F79EFBC}") = "Unity.Addressables", "Unity.Addressables.csproj", "{3A5EA78B-33BA-85E6-D9F4-A94385B38C99}"
EndProject
Project("{FAE04EC0-301F-11D3-BF4B-00C04F79EFBC}") = "Unity.AI.Navigation.Editor.ConversionSystem", "Unity.AI.Navigation.Editor.ConversionSystem.csproj", "{EB5F0569-50BC-8C4E-3FC9-5A3AE8A58530}"
EndProject
Project("{FAE04EC0-301F-11D3-BF4B-00C04F79EFBC}") = "Unity.VisualScripting.State.Editor", "Unity.VisualScripting.State.Editor.csproj", "{3C8ECCAB-98CE-8FE0-EE93-1F6A38ADF67D}"
EndProject
Project("{FAE04EC0-301F-11D3-BF4B-00C04F79EFBC}") = "UnityEngine.UI", "UnityEngine.UI.csproj", "{BBBA9BEA-84AA-094C-FE3D-D95FA783CD2F}"
EndProject
Project("{FAE04EC0-301F-11D3-BF4B-00C04F79EFBC}") = "Unity.Burst.CodeGen", "Unity.Burst.CodeGen.csproj", "{6B9A8BB9-A134-F282-3F9E-F08D7C5E3079}"
EndProject
Project("{FAE04EC0-301F-11D3-BF4B-00C04F79EFBC}") = "Unity.PackageValidationSuite.Editor", "Unity.PackageValidationSuite.Editor.csproj", "{DEBDE233-0BC5-7332-9A78-64037F71638D}"
EndProject
Project("{FAE04EC0-301F-11D3-BF4B-00C04F79EFBC}") = "Unity.Postprocessing.Runtime", "Unity.Postprocessing.Runtime.csproj", "{F3791B5A-BD9B-497E-C41C-FF28B14429AE}"
EndProject
Project("{FAE04EC0-301F-11D3-BF4B-00C04F79EFBC}") = "NavMeshPlus", "NavMeshPlus.csproj", "{FC43AFDC-D1FE-EA34-A0F4-5A47D74A450C}"
EndProject
Project("{FAE04EC0-301F-11D3-BF4B-00C04F79EFBC}") = "Unity.RenderPipeline.Universal.ShaderLibrary", "Unity.RenderPipeline.Universal.ShaderLibrary.csproj", "{0A91E692-B6BE-9034-07CD-74490B310581}"
EndProject
Project("{FAE04EC0-301F-11D3-BF4B-00C04F79EFBC}") = "Unity.Postprocessing.Editor", "Unity.Postprocessing.Editor.csproj", "{926F6B84-1B06-4F36-223A-850CBC1C395F}"
EndProject
Project("{FAE04EC0-301F-11D3-BF4B-00C04F79EFBC}") = "Unity.AI.Navigation", "Unity.AI.Navigation.csproj", "{E6E104B4-6D4A-7DAC-B5D2-6510E3B2F7E8}"
EndProject
Project("{FAE04EC0-301F-11D3-BF4B-00C04F79EFBC}") = "Unity.VisualScripting.State", "Unity.VisualScripting.State.csproj", "{E36B43FF-E498-D8F9-D6F0-A85FF98800D7}"
EndProject
Project("{FAE04EC0-301F-11D3-BF4B-00C04F79EFBC}") = "Unity.TextMeshPro", "Unity.TextMeshPro.csproj", "{6BAD3998-3D66-52A8-A2C6-43D91E88DB2F}"
EndProject
Project("{FAE04EC0-301F-11D3-BF4B-00C04F79EFBC}") = "Unity.Splines", "Unity.Splines.csproj", "{1B3F6CA6-F812-A5B6-FA29-8533BE73C4EA}"
EndProject
Project("{FAE04EC0-301F-11D3-BF4B-00C04F79EFBC}") = "Unity.2D.Tilemap.Extras.Editor", "Unity.2D.Tilemap.Extras.Editor.csproj", "{C70B0EFF-5C76-360D-2BDF-7848ED27B229}"
EndProject
Project("{FAE04EC0-301F-11D3-BF4B-00C04F79EFBC}") = "Unity.InternalAPIEngineBridge.013", "Unity.InternalAPIEngineBridge.013.csproj", "{C24DD544-1794-C8CE-3F3F-13A786AD5ABA}"
EndProject
Project("{FAE04EC0-301F-11D3-BF4B-00C04F79EFBC}") = "Unity.2D.Animation.Runtime", "Unity.2D.Animation.Runtime.csproj", "{DA3C91DE-5DD4-5141-763B-9163EB41663B}"
EndProject
Project("{FAE04EC0-301F-11D3-BF4B-00C04F79EFBC}") = "Unity.VisualScripting.SettingsProvider.Editor", "Unity.VisualScripting.SettingsProvider.Editor.csproj", "{350375BF-29D9-D774-0DC6-DAB2E3C50FA1}"
EndProject
Project("{FAE04EC0-301F-11D3-BF4B-00C04F79EFBC}") = "Unity.VSCode.Editor", "Unity.VSCode.Editor.csproj", "{B902C268-CB9C-EEF4-D199-6A912407107E}"
EndProject
Project("{FAE04EC0-301F-11D3-BF4B-00C04F79EFBC}") = "Unity.2D.IK.Editor", "Unity.2D.IK.Editor.csproj", "{ABD287CB-3430-7CFA-F0FD-976E3F0B7A9D}"
EndProject
Project("{FAE04EC0-301F-11D3-BF4B-00C04F79EFBC}") = "Unity.InternalAPIEngineBridge.001", "Unity.InternalAPIEngineBridge.001.csproj", "{AA383795-C76B-8B91-8AD8-1BF42386DEAF}"
EndProject
Project("{FAE04EC0-301F-11D3-BF4B-00C04F79EFBC}") = "Unity.2D.Aseprite.Common", "Unity.2D.Aseprite.Common.csproj", "{F2A90A6F-72FF-CCE7-9013-DA0CF6BBF53F}"
EndProject
Project("{FAE04EC0-301F-11D3-BF4B-00C04F79EFBC}") = "Unity.Burst.Editor", "Unity.Burst.Editor.csproj", "{326D379E-2F7F-5FE3-E073-38C79E69D7A2}"
EndProject
Project("{FAE04EC0-301F-11D3-BF4B-00C04F79EFBC}") = "Unity.2D.Common.Editor", "Unity.2D.Common.Editor.csproj", "{3BB7EA10-419C-05DA-BA6B-78B3282C03B6}"
EndProject
Project("{FAE04EC0-301F-11D3-BF4B-00C04F79EFBC}") = "Unity.AI.Navigation.Updater", "Unity.AI.Navigation.Updater.csproj", "{C9413367-1B5D-B7FD-33FE-F0193AC1984F}"
EndProject
Project("{FAE04EC0-301F-11D3-BF4B-00C04F79EFBC}") = "Unity.InternalAPIEditorBridge.013", "Unity.InternalAPIEditorBridge.013.csproj", "{13CD728B-E15F-4E6C-C5B6-579251CDB237}"
EndProject
Project("{FAE04EC0-301F-11D3-BF4B-00C04F79EFBC}") = "Unity.Settings.Editor", "Unity.Settings.Editor.csproj", "{AF0D9475-D4EC-1096-CE06-89123BFB864B}"
EndProject
Project("{FAE04EC0-301F-11D3-BF4B-00C04F79EFBC}") = "Unity.2D.PixelPerfect", "Unity.2D.PixelPerfect.csproj", "{50C8F842-9FE2-FEC6-8E1B-2C9CE4B06153}"
EndProject
Project("{FAE04EC0-301F-11D3-BF4B-00C04F79EFBC}") = "Unity.2D.PixelPerfect.Editor", "Unity.2D.PixelPerfect.Editor.csproj", "{F3E59659-4399-9707-ED74-A3CDEECFE741}"
EndProject
Project("{FAE04EC0-301F-11D3-BF4B-00C04F79EFBC}") = "Unity.2D.Common.Runtime", "Unity.2D.Common.Runtime.csproj", "{954AD95A-918E-3B07-61AD-FABE14C7C68D}"
EndProject
Project("{FAE04EC0-301F-11D3-BF4B-00C04F79EFBC}") = "Unity.2D.Sprite.Editor", "Unity.2D.Sprite.Editor.csproj", "{B67C464A-409B-F9CD-7E15-00C9E6324EE6}"
EndProject
Project("{FAE04EC0-301F-11D3-BF4B-00C04F79EFBC}") = "Unity.PackageValidationSuite.Editor.Extension", "Unity.PackageValidationSuite.Editor.Extension.csproj", "{29BA5B5B-0352-BB17-4C83-95F758102315}"
EndProject
Project("{FAE04EC0-301F-11D3-BF4B-00C04F79EFBC}") = "Unity.InputSystem.ForUI", "Unity.InputSystem.ForUI.csproj", "{E46EABA9-3C6E-7F11-170F-F453A0D8A571}"
EndProject
Project("{FAE04EC0-301F-11D3-BF4B-00C04F79EFBC}") = "Unity.Mathematics.Editor", "Unity.Mathematics.Editor.csproj", "{2D79873B-D597-A8DE-8A66-48B0DC753994}"
EndProject
Project("{FAE04EC0-301F-11D3-BF4B-00C04F79EFBC}") = "Unity.2D.Tilemap.Extras", "Unity.2D.Tilemap.Extras.csproj", "{4B3E8923-5A94-A034-F373-FCDDD4359FA9}"
EndProject
Project("{FAE04EC0-301F-11D3-BF4B-00C04F79EFBC}") = "Unity.InputSystem.TestFramework", "Unity.InputSystem.TestFramework.csproj", "{6510C3D1-343A-F415-9064-B75CF0ACB10F}"
EndProject
Project("{FAE04EC0-301F-11D3-BF4B-00C04F79EFBC}") = "Unity.InternalAPIEditorBridge.005", "Unity.InternalAPIEditorBridge.005.csproj", "{A003689C-942A-BA14-98DC-0032E0EDF014}"
EndProject
Project("{FAE04EC0-301F-11D3-BF4B-00C04F79EFBC}") = "Unity.ShaderGraph.Utilities", "Unity.ShaderGraph.Utilities.csproj", "{D6F352E4-1A78-1793-654A-0576174EBA55}"
EndProject
Project("{FAE04EC0-301F-11D3-BF4B-00C04F79EFBC}") = "Unity.VisualScripting.Shared.Editor", "Unity.VisualScripting.Shared.Editor.csproj", "{83B2DB77-AB9B-7C69-289D-AF61A989B262}"
EndProject
Project("{FAE04EC0-301F-11D3-BF4B-00C04F79EFBC}") = "Assembly-CSharp-Editor", "Assembly-CSharp-Editor.csproj", "{23F9D405-3BDD-4419-485B-398E3C85F40C}"
EndProject
Project("{FAE04EC0-301F-11D3-BF4B-00C04F79EFBC}") = "Unity.ScriptableBuildPipeline", "Unity.ScriptableBuildPipeline.csproj", "{DE006EBD-142C-7E30-B700-5711A9C80E04}"
EndProject
Project("{FAE04EC0-301F-11D3-BF4B-00C04F79EFBC}") = "Unity.Collections.DocCodeSamples", "Unity.Collections.DocCodeSamples.csproj", "{A44ABBD7-8B99-5174-C712-FE9AC8B89247}"
EndProject
Project("{FAE04EC0-301F-11D3-BF4B-00C04F79EFBC}") = "Unity.Collections.BurstCompatibilityGen", "Unity.Collections.BurstCompatibilityGen.csproj", "{5E0BC4F0-D3FA-1C2E-2C2F-EBF4F4C4BBCF}"
EndProject
Project("{FAE04EC0-301F-11D3-BF4B-00C04F79EFBC}") = "Unity.CollabProxy.Editor", "Unity.CollabProxy.Editor.csproj", "{07D9A6CE-1EDB-DBA2-CD1E-18E88189BAF7}"
EndProject
Project("{FAE04EC0-301F-11D3-BF4B-00C04F79EFBC}") = "Unity.RenderPipelines.ShaderGraph.ShaderGraphLibrary", "Unity.RenderPipelines.ShaderGraph.ShaderGraphLibrary.csproj", "{52A9C026-417D-0DA0-679F-F342E8A0D3CA}"
EndProject
Project("{FAE04EC0-301F-11D3-BF4B-00C04F79EFBC}") = "Unity.RenderPipelines.Core.ShaderLibrary", "Unity.RenderPipelines.Core.ShaderLibrary.csproj", "{4435E6E3-E6F5-C149-0860-228054E0DC9B}"
EndProject
Project("{FAE04EC0-301F-11D3-BF4B-00C04F79EFBC}") = "Unity.RenderPipelines.Universal.Shaders", "Unity.RenderPipelines.Universal.Shaders.csproj", "{F4DE5684-FDF2-4E14-C8A6-2E29E1A6F488}"
EndProject
Project("{FAE04EC0-301F-11D3-BF4B-00C04F79EFBC}") = "Unity.Timeline", "Unity.Timeline.Player.csproj", "{F18EA4AA-24A2-DD27-A0E1-A7A383571AA4}"
EndProject
Project("{FAE04EC0-301F-11D3-BF4B-00C04F79EFBC}") = "Unity.InputSystem", "Unity.InputSystem.Player.csproj", "{181EBC95-D4B6-D637-FB95-38DE1E079515}"
EndProject
Project("{FAE04EC0-301F-11D3-BF4B-00C04F79EFBC}") = "Assembly-CSharp", "Assembly-CSharp.Player.csproj", "{80827278-2B0C-E5A4-5483-DC3FB28F147D}"
EndProject
Project("{FAE04EC0-301F-11D3-BF4B-00C04F79EFBC}") = "Unity.Localization", "Unity.Localization.Player.csproj", "{5908EAE9-74B3-D124-B849-83B66A2B435C}"
EndProject
Project("{FAE04EC0-301F-11D3-BF4B-00C04F79EFBC}") = "Unity.VisualScripting.Flow", "Unity.VisualScripting.Flow.Player.csproj", "{BA07BCF3-7BD3-308D-9FC1-9589465370FA}"
EndProject
Project("{FAE04EC0-301F-11D3-BF4B-00C04F79EFBC}") = "Unity.RenderPipelines.Universal.Runtime", "Unity.RenderPipelines.Universal.Runtime.Player.csproj", "{264A44AB-A60D-9AE1-DCFE-F58E6ADC83DB}"
EndProject
Project("{FAE04EC0-301F-11D3-BF4B-00C04F79EFBC}") = "Unity.RenderPipelines.Core.Runtime", "Unity.RenderPipelines.Core.Runtime.Player.csproj", "{3B73B7BA-EC92-56D7-277E-ED454C713A49}"
EndProject
Project("{FAE04EC0-301F-11D3-BF4B-00C04F79EFBC}") = "Unity.Mathematics", "Unity.Mathematics.Player.csproj", "{A91462AA-4442-E494-4EFE-CA3B6B2CB70C}"
EndProject
Project("{FAE04EC0-301F-11D3-BF4B-00C04F79EFBC}") = "Unity.2D.IK.Runtime", "Unity.2D.IK.Runtime.Player.csproj", "{15C5176E-393D-B119-5793-EA81393C9893}"
EndProject
Project("{FAE04EC0-301F-11D3-BF4B-00C04F79EFBC}") = "UnityEngine.TestRunner", "UnityEngine.TestRunner.Player.csproj", "{D98FCC38-BEAF-ACFA-8772-776FC324D60F}"
EndProject
Project("{FAE04EC0-301F-11D3-BF4B-00C04F79EFBC}") = "Unity.VisualScripting.Core", "Unity.VisualScripting.Core.Player.csproj", "{213D521C-FFE7-93A4-A162-640E4600632B}"
EndProject
Project("{FAE04EC0-301F-11D3-BF4B-00C04F79EFBC}") = "Unity.Burst", "Unity.Burst.Player.csproj", "{9B051971-621F-9327-2670-DEE4DB0D31B4}"
EndProject
Project("{FAE04EC0-301F-11D3-BF4B-00C04F79EFBC}") = "Unity.Collections", "Unity.Collections.Player.csproj", "{7982561F-D429-C65E-4DB3-877307646698}"
EndProject
Project("{FAE04EC0-301F-11D3-BF4B-00C04F79EFBC}") = "Domicile.StateMachine", "Domicile.StateMachine.Player.csproj", "{CFD11909-5283-768C-CC25-A3537D7E06C6}"
EndProject
Project("{FAE04EC0-301F-11D3-BF4B-00C04F79EFBC}") = "Unity.ResourceManager", "Unity.ResourceManager.Player.csproj", "{8638E3DA-ABA1-3286-B093-515A567B9AF3}"
EndProject
Project("{FAE04EC0-301F-11D3-BF4B-00C04F79EFBC}") = "Unity.Cinemachine", "Unity.Cinemachine.Player.csproj", "{0B06C38D-F011-B809-2CA8-E55D35BF6858}"
EndProject
Project("{FAE04EC0-301F-11D3-BF4B-00C04F79EFBC}") = "Unity.2D.SpriteShape.Runtime", "Unity.2D.SpriteShape.Runtime.Player.csproj", "{C5DF8B03-E681-2A01-E18E-BA4B4939C8E0}"
EndProject
Project("{FAE04EC0-301F-11D3-BF4B-00C04F79EFBC}") = "Unity.Addressables", "Unity.Addressables.Player.csproj", "{E576FB86-2FD3-1458-2FEE-5F8F83534D63}"
EndProject
Project("{FAE04EC0-301F-11D3-BF4B-00C04F79EFBC}") = "UnityEngine.UI", "UnityEngine.UI.Player.csproj", "{C3FA0F9A-B31F-A7DA-B606-D345E1F09ACD}"
EndProject
Project("{FAE04EC0-301F-11D3-BF4B-00C04F79EFBC}") = "Unity.Postprocessing.Runtime", "Unity.Postprocessing.Runtime.Player.csproj", "{43FFB59D-A89A-F4C0-9B90-D9F82D46E9F2}"
EndProject
Project("{FAE04EC0-301F-11D3-BF4B-00C04F79EFBC}") = "NavMeshPlus", "NavMeshPlus.Player.csproj", "{31B59689-2596-B1E9-23C6-B447129CF19C}"
EndProject
Project("{FAE04EC0-301F-11D3-BF4B-00C04F79EFBC}") = "Unity.RenderPipeline.Universal.ShaderLibrary", "Unity.RenderPipeline.Universal.ShaderLibrary.Player.csproj", "{F8FBC6E9-F2F4-D3F0-CD2E-FEB6EE9B21F4}"
EndProject
Project("{FAE04EC0-301F-11D3-BF4B-00C04F79EFBC}") = "Unity.AI.Navigation", "Unity.AI.Navigation.Player.csproj", "{D9A4ADBD-C256-D95F-A4EF-69D95539BE19}"
EndProject
Project("{FAE04EC0-301F-11D3-BF4B-00C04F79EFBC}") = "Unity.VisualScripting.State", "Unity.VisualScripting.State.Player.csproj", "{1FD5E440-43A3-1F53-4393-ED1BA4DADD84}"
EndProject
Project("{FAE04EC0-301F-11D3-BF4B-00C04F79EFBC}") = "Unity.TextMeshPro", "Unity.TextMeshPro.Player.csproj", "{0F2FE187-FF1E-1154-28CA-B61CEA847656}"
EndProject
Project("{FAE04EC0-301F-11D3-BF4B-00C04F79EFBC}") = "Unity.Splines", "Unity.Splines.Player.csproj", "{FF102935-9F5E-06C5-D24F-541EBDAF430F}"
EndProject
Project("{FAE04EC0-301F-11D3-BF4B-00C04F79EFBC}") = "Unity.InternalAPIEngineBridge.013", "Unity.InternalAPIEngineBridge.013.Player.csproj", "{23A67CFC-FF49-8705-0979-6FB5085542C7}"
EndProject
Project("{FAE04EC0-301F-11D3-BF4B-00C04F79EFBC}") = "Unity.2D.Animation.Runtime", "Unity.2D.Animation.Runtime.Player.csproj", "{70D09188-7A7B-7D36-A994-FD09E3C3E6CD}"
EndProject
Project("{FAE04EC0-301F-11D3-BF4B-00C04F79EFBC}") = "Unity.InternalAPIEngineBridge.001", "Unity.InternalAPIEngineBridge.001.Player.csproj", "{4134A968-AFE9-D8BF-0E5B-F3F37D07653B}"
EndProject
Project("{FAE04EC0-301F-11D3-BF4B-00C04F79EFBC}") = "Unity.2D.PixelPerfect", "Unity.2D.PixelPerfect.Player.csproj", "{ECF2CFAA-1DA3-7456-9425-AD2604E2D537}"
EndProject
Project("{FAE04EC0-301F-11D3-BF4B-00C04F79EFBC}") = "Unity.2D.Common.Runtime", "Unity.2D.Common.Runtime.Player.csproj", "{561B1EC3-37D3-FE16-71F3-4650BA3C2F56}"
EndProject
Project("{FAE04EC0-301F-11D3-BF4B-00C04F79EFBC}") = "Unity.InputSystem.ForUI", "Unity.InputSystem.ForUI.Player.csproj", "{7C7B3E1D-A8FF-4FDD-FB0B-C22DD238402C}"
EndProject
Project("{FAE04EC0-301F-11D3-BF4B-00C04F79EFBC}") = "Unity.2D.Tilemap.Extras", "Unity.2D.Tilemap.Extras.Player.csproj", "{2515B480-19C2-23F4-AE5E-AA88DFB84CF0}"
EndProject
Project("{FAE04EC0-301F-11D3-BF4B-00C04F79EFBC}") = "Unity.InputSystem.TestFramework", "Unity.InputSystem.TestFramework.Player.csproj", "{929374CB-D927-F69D-62F9-1D23AD1835D4}"
EndProject
Project("{FAE04EC0-301F-11D3-BF4B-00C04F79EFBC}") = "Unity.ScriptableBuildPipeline", "Unity.ScriptableBuildPipeline.Player.csproj", "{0B9B805A-971A-F54D-15E4-69CE5556221A}"
EndProject
Project("{FAE04EC0-301F-11D3-BF4B-00C04F79EFBC}") = "Unity.RenderPipelines.ShaderGraph.ShaderGraphLibrary", "Unity.RenderPipelines.ShaderGraph.ShaderGraphLibrary.Player.csproj", "{640DF539-88F7-8F1E-6D02-9A8981121BB4}"
EndProject
Project("{FAE04EC0-301F-11D3-BF4B-00C04F79EFBC}") = "Unity.RenderPipelines.Core.ShaderLibrary", "Unity.RenderPipelines.Core.ShaderLibrary.Player.csproj", "{C798E449-2582-21D3-8DAE-2DC226494310}"
EndProject
Project("{FAE04EC0-301F-11D3-BF4B-00C04F79EFBC}") = "Unity.RenderPipelines.Universal.Shaders", "Unity.RenderPipelines.Universal.Shaders.Player.csproj", "{D23D5299-43A3-EF41-2FDF-E6F44D2223B8}"
EndProject
Global
	GlobalSection(SolutionConfigurationPlatforms) = preSolution
		Debug|Any CPU = Debug|Any CPU
		Release|Any CPU = Release|Any CPU
	EndGlobalSection
	GlobalSection(ProjectConfigurationPlatforms) = postSolution
		{DDF35A75-94CD-F3CC-8FB8-4ABE55D47967}.Debug|Any CPU.ActiveCfg = Debug|Any CPU
		{DDF35A75-94CD-F3CC-8FB8-4ABE55D47967}.Debug|Any CPU.Build.0 = Debug|Any CPU
		{DDF35A75-94CD-F3CC-8FB8-4ABE55D47967}.Release|Any CPU.ActiveCfg = Release|Any CPU
		{DDF35A75-94CD-F3CC-8FB8-4ABE55D47967}.Release|Any CPU.Build.0 = Release|Any CPU
		{FCB42CF1-208F-F0B9-5E9C-57ECD677A831}.Debug|Any CPU.ActiveCfg = Debug|Any CPU
		{FCB42CF1-208F-F0B9-5E9C-57ECD677A831}.Debug|Any CPU.Build.0 = Debug|Any CPU
		{FCB42CF1-208F-F0B9-5E9C-57ECD677A831}.Release|Any CPU.ActiveCfg = Release|Any CPU
		{FCB42CF1-208F-F0B9-5E9C-57ECD677A831}.Release|Any CPU.Build.0 = Release|Any CPU
		{7876D8AB-4962-BF60-0133-1590560A996E}.Debug|Any CPU.ActiveCfg = Debug|Any CPU
		{7876D8AB-4962-BF60-0133-1590560A996E}.Debug|Any CPU.Build.0 = Debug|Any CPU
		{7876D8AB-4962-BF60-0133-1590560A996E}.Release|Any CPU.ActiveCfg = Release|Any CPU
		{7876D8AB-4962-BF60-0133-1590560A996E}.Release|Any CPU.Build.0 = Release|Any CPU
		{1EE98971-DB57-CCE3-EB35-7D60258BAC4D}.Debug|Any CPU.ActiveCfg = Debug|Any CPU
		{1EE98971-DB57-CCE3-EB35-7D60258BAC4D}.Debug|Any CPU.Build.0 = Debug|Any CPU
		{1EE98971-DB57-CCE3-EB35-7D60258BAC4D}.Release|Any CPU.ActiveCfg = Release|Any CPU
		{1EE98971-DB57-CCE3-EB35-7D60258BAC4D}.Release|Any CPU.Build.0 = Release|Any CPU
		{0D8F7209-4E57-FC92-C823-1E28C94BFFF2}.Debug|Any CPU.ActiveCfg = Debug|Any CPU
		{0D8F7209-4E57-FC92-C823-1E28C94BFFF2}.Debug|Any CPU.Build.0 = Debug|Any CPU
		{0D8F7209-4E57-FC92-C823-1E28C94BFFF2}.Release|Any CPU.ActiveCfg = Release|Any CPU
		{0D8F7209-4E57-FC92-C823-1E28C94BFFF2}.Release|Any CPU.Build.0 = Release|Any CPU
		{45A0834D-70CE-EB51-2E0D-F6638B3F7AFD}.Debug|Any CPU.ActiveCfg = Debug|Any CPU
		{45A0834D-70CE-EB51-2E0D-F6638B3F7AFD}.Debug|Any CPU.Build.0 = Debug|Any CPU
		{45A0834D-70CE-EB51-2E0D-F6638B3F7AFD}.Release|Any CPU.ActiveCfg = Release|Any CPU
		{45A0834D-70CE-EB51-2E0D-F6638B3F7AFD}.Release|Any CPU.Build.0 = Release|Any CPU
		{AE82F979-E3C4-D8A6-DD83-CE2208CB656F}.Debug|Any CPU.ActiveCfg = Debug|Any CPU
		{AE82F979-E3C4-D8A6-DD83-CE2208CB656F}.Debug|Any CPU.Build.0 = Debug|Any CPU
		{AE82F979-E3C4-D8A6-DD83-CE2208CB656F}.Release|Any CPU.ActiveCfg = Release|Any CPU
		{AE82F979-E3C4-D8A6-DD83-CE2208CB656F}.Release|Any CPU.Build.0 = Release|Any CPU
		{0B43402E-0BF2-6852-C031-58DF52467E08}.Debug|Any CPU.ActiveCfg = Debug|Any CPU
		{0B43402E-0BF2-6852-C031-58DF52467E08}.Debug|Any CPU.Build.0 = Debug|Any CPU
		{0B43402E-0BF2-6852-C031-58DF52467E08}.Release|Any CPU.ActiveCfg = Release|Any CPU
		{0B43402E-0BF2-6852-C031-58DF52467E08}.Release|Any CPU.Build.0 = Release|Any CPU
		{DE5D389F-A63B-8AD0-B70A-7293D3A89361}.Debug|Any CPU.ActiveCfg = Debug|Any CPU
		{DE5D389F-A63B-8AD0-B70A-7293D3A89361}.Debug|Any CPU.Build.0 = Debug|Any CPU
		{DE5D389F-A63B-8AD0-B70A-7293D3A89361}.Release|Any CPU.ActiveCfg = Release|Any CPU
		{DE5D389F-A63B-8AD0-B70A-7293D3A89361}.Release|Any CPU.Build.0 = Release|Any CPU
		{654CCE82-BDC3-2D80-004C-C53084781849}.Debug|Any CPU.ActiveCfg = Debug|Any CPU
		{654CCE82-BDC3-2D80-004C-C53084781849}.Debug|Any CPU.Build.0 = Debug|Any CPU
		{654CCE82-BDC3-2D80-004C-C53084781849}.Release|Any CPU.ActiveCfg = Release|Any CPU
		{654CCE82-BDC3-2D80-004C-C53084781849}.Release|Any CPU.Build.0 = Release|Any CPU
		{4D00231B-DCC7-7766-1A73-EFACADF6E3B9}.Debug|Any CPU.ActiveCfg = Debug|Any CPU
		{4D00231B-DCC7-7766-1A73-EFACADF6E3B9}.Debug|Any CPU.Build.0 = Debug|Any CPU
		{4D00231B-DCC7-7766-1A73-EFACADF6E3B9}.Release|Any CPU.ActiveCfg = Release|Any CPU
		{4D00231B-DCC7-7766-1A73-EFACADF6E3B9}.Release|Any CPU.Build.0 = Release|Any CPU
		{0C36E8F5-97ED-9A44-1736-00CC67E69792}.Debug|Any CPU.ActiveCfg = Debug|Any CPU
		{0C36E8F5-97ED-9A44-1736-00CC67E69792}.Debug|Any CPU.Build.0 = Debug|Any CPU
		{0C36E8F5-97ED-9A44-1736-00CC67E69792}.Release|Any CPU.ActiveCfg = Release|Any CPU
		{0C36E8F5-97ED-9A44-1736-00CC67E69792}.Release|Any CPU.Build.0 = Release|Any CPU
		{3AB0A0D6-1DA1-E03A-AD25-93B55AEEFCA2}.Debug|Any CPU.ActiveCfg = Debug|Any CPU
		{3AB0A0D6-1DA1-E03A-AD25-93B55AEEFCA2}.Debug|Any CPU.Build.0 = Debug|Any CPU
		{3AB0A0D6-1DA1-E03A-AD25-93B55AEEFCA2}.Release|Any CPU.ActiveCfg = Release|Any CPU
		{3AB0A0D6-1DA1-E03A-AD25-93B55AEEFCA2}.Release|Any CPU.Build.0 = Release|Any CPU
		{C93C1783-7B29-F6DF-27F7-49A65384D48F}.Debug|Any CPU.ActiveCfg = Debug|Any CPU
		{C93C1783-7B29-F6DF-27F7-49A65384D48F}.Debug|Any CPU.Build.0 = Debug|Any CPU
		{C93C1783-7B29-F6DF-27F7-49A65384D48F}.Release|Any CPU.ActiveCfg = Release|Any CPU
		{C93C1783-7B29-F6DF-27F7-49A65384D48F}.Release|Any CPU.Build.0 = Release|Any CPU
		{27AE9D80-275A-81C4-60D3-ACC2B1662F85}.Debug|Any CPU.ActiveCfg = Debug|Any CPU
		{27AE9D80-275A-81C4-60D3-ACC2B1662F85}.Debug|Any CPU.Build.0 = Debug|Any CPU
		{27AE9D80-275A-81C4-60D3-ACC2B1662F85}.Release|Any CPU.ActiveCfg = Release|Any CPU
		{27AE9D80-275A-81C4-60D3-ACC2B1662F85}.Release|Any CPU.Build.0 = Release|Any CPU
		{F9A34661-5741-53A6-6FAB-341713787B47}.Debug|Any CPU.ActiveCfg = Debug|Any CPU
		{F9A34661-5741-53A6-6FAB-341713787B47}.Debug|Any CPU.Build.0 = Debug|Any CPU
		{F9A34661-5741-53A6-6FAB-341713787B47}.Release|Any CPU.ActiveCfg = Release|Any CPU
		{F9A34661-5741-53A6-6FAB-341713787B47}.Release|Any CPU.Build.0 = Release|Any CPU
		{DB231E43-1DD6-76E0-04A6-A3A60B1C493C}.Debug|Any CPU.ActiveCfg = Debug|Any CPU
		{DB231E43-1DD6-76E0-04A6-A3A60B1C493C}.Debug|Any CPU.Build.0 = Debug|Any CPU
		{DB231E43-1DD6-76E0-04A6-A3A60B1C493C}.Release|Any CPU.ActiveCfg = Release|Any CPU
		{DB231E43-1DD6-76E0-04A6-A3A60B1C493C}.Release|Any CPU.Build.0 = Release|Any CPU
		{8FE65CFE-7C27-0F49-5B05-894D0D4DCF26}.Debug|Any CPU.ActiveCfg = Debug|Any CPU
		{8FE65CFE-7C27-0F49-5B05-894D0D4DCF26}.Debug|Any CPU.Build.0 = Debug|Any CPU
		{8FE65CFE-7C27-0F49-5B05-894D0D4DCF26}.Release|Any CPU.ActiveCfg = Release|Any CPU
		{8FE65CFE-7C27-0F49-5B05-894D0D4DCF26}.Release|Any CPU.Build.0 = Release|Any CPU
		{260CE300-21E4-B12B-D87A-AE84A3CCCFF4}.Debug|Any CPU.ActiveCfg = Debug|Any CPU
		{260CE300-21E4-B12B-D87A-AE84A3CCCFF4}.Debug|Any CPU.Build.0 = Debug|Any CPU
		{260CE300-21E4-B12B-D87A-AE84A3CCCFF4}.Release|Any CPU.ActiveCfg = Release|Any CPU
		{260CE300-21E4-B12B-D87A-AE84A3CCCFF4}.Release|Any CPU.Build.0 = Release|Any CPU
		{D9747591-7B5A-A494-6CB5-31F38AF53A2B}.Debug|Any CPU.ActiveCfg = Debug|Any CPU
		{D9747591-7B5A-A494-6CB5-31F38AF53A2B}.Debug|Any CPU.Build.0 = Debug|Any CPU
		{D9747591-7B5A-A494-6CB5-31F38AF53A2B}.Release|Any CPU.ActiveCfg = Release|Any CPU
		{D9747591-7B5A-A494-6CB5-31F38AF53A2B}.Release|Any CPU.Build.0 = Release|Any CPU
		{7533B809-2362-D119-0537-11A5B6BA184B}.Debug|Any CPU.ActiveCfg = Debug|Any CPU
		{7533B809-2362-D119-0537-11A5B6BA184B}.Debug|Any CPU.Build.0 = Debug|Any CPU
		{7533B809-2362-D119-0537-11A5B6BA184B}.Release|Any CPU.ActiveCfg = Release|Any CPU
		{7533B809-2362-D119-0537-11A5B6BA184B}.Release|Any CPU.Build.0 = Release|Any CPU
		{CEF43019-7422-1C3E-361D-006603D0A00E}.Debug|Any CPU.ActiveCfg = Debug|Any CPU
		{CEF43019-7422-1C3E-361D-006603D0A00E}.Debug|Any CPU.Build.0 = Debug|Any CPU
		{CEF43019-7422-1C3E-361D-006603D0A00E}.Release|Any CPU.ActiveCfg = Release|Any CPU
		{CEF43019-7422-1C3E-361D-006603D0A00E}.Release|Any CPU.Build.0 = Release|Any CPU
		{16757258-2471-5D92-B843-97282D25988B}.Debug|Any CPU.ActiveCfg = Debug|Any CPU
		{16757258-2471-5D92-B843-97282D25988B}.Debug|Any CPU.Build.0 = Debug|Any CPU
		{16757258-2471-5D92-B843-97282D25988B}.Release|Any CPU.ActiveCfg = Release|Any CPU
		{16757258-2471-5D92-B843-97282D25988B}.Release|Any CPU.Build.0 = Release|Any CPU
		{C6E4E1C8-3865-6B87-E4A6-AFD750D2FBD3}.Debug|Any CPU.ActiveCfg = Debug|Any CPU
		{C6E4E1C8-3865-6B87-E4A6-AFD750D2FBD3}.Debug|Any CPU.Build.0 = Debug|Any CPU
		{C6E4E1C8-3865-6B87-E4A6-AFD750D2FBD3}.Release|Any CPU.ActiveCfg = Release|Any CPU
		{C6E4E1C8-3865-6B87-E4A6-AFD750D2FBD3}.Release|Any CPU.Build.0 = Release|Any CPU
		{B815C48F-9B87-1F3B-8069-3591B8014E47}.Debug|Any CPU.ActiveCfg = Debug|Any CPU
		{B815C48F-9B87-1F3B-8069-3591B8014E47}.Debug|Any CPU.Build.0 = Debug|Any CPU
		{B815C48F-9B87-1F3B-8069-3591B8014E47}.Release|Any CPU.ActiveCfg = Release|Any CPU
		{B815C48F-9B87-1F3B-8069-3591B8014E47}.Release|Any CPU.Build.0 = Release|Any CPU
		{D6B5A691-D100-DD8D-D7B5-027FA51418BA}.Debug|Any CPU.ActiveCfg = Debug|Any CPU
		{D6B5A691-D100-DD8D-D7B5-027FA51418BA}.Debug|Any CPU.Build.0 = Debug|Any CPU
		{D6B5A691-D100-DD8D-D7B5-027FA51418BA}.Release|Any CPU.ActiveCfg = Release|Any CPU
		{D6B5A691-D100-DD8D-D7B5-027FA51418BA}.Release|Any CPU.Build.0 = Release|Any CPU
		{7A320F0F-6DC0-924D-CC42-35D49CDFE081}.Debug|Any CPU.ActiveCfg = Debug|Any CPU
		{7A320F0F-6DC0-924D-CC42-35D49CDFE081}.Debug|Any CPU.Build.0 = Debug|Any CPU
		{7A320F0F-6DC0-924D-CC42-35D49CDFE081}.Release|Any CPU.ActiveCfg = Release|Any CPU
		{7A320F0F-6DC0-924D-CC42-35D49CDFE081}.Release|Any CPU.Build.0 = Release|Any CPU
		{66F7615F-406E-79A0-8576-4E821F90CCC4}.Debug|Any CPU.ActiveCfg = Debug|Any CPU
		{66F7615F-406E-79A0-8576-4E821F90CCC4}.Debug|Any CPU.Build.0 = Debug|Any CPU
		{66F7615F-406E-79A0-8576-4E821F90CCC4}.Release|Any CPU.ActiveCfg = Release|Any CPU
		{66F7615F-406E-79A0-8576-4E821F90CCC4}.Release|Any CPU.Build.0 = Release|Any CPU
		{4CC03AF5-10A5-598E-78AA-C910A499BF44}.Debug|Any CPU.ActiveCfg = Debug|Any CPU
		{4CC03AF5-10A5-598E-78AA-C910A499BF44}.Debug|Any CPU.Build.0 = Debug|Any CPU
		{4CC03AF5-10A5-598E-78AA-C910A499BF44}.Release|Any CPU.ActiveCfg = Release|Any CPU
		{4CC03AF5-10A5-598E-78AA-C910A499BF44}.Release|Any CPU.Build.0 = Release|Any CPU
		{7C8B942D-9319-FE3D-6815-1C5E0C0F2BB4}.Debug|Any CPU.ActiveCfg = Debug|Any CPU
		{7C8B942D-9319-FE3D-6815-1C5E0C0F2BB4}.Debug|Any CPU.Build.0 = Debug|Any CPU
		{7C8B942D-9319-FE3D-6815-1C5E0C0F2BB4}.Release|Any CPU.ActiveCfg = Release|Any CPU
		{7C8B942D-9319-FE3D-6815-1C5E0C0F2BB4}.Release|Any CPU.Build.0 = Release|Any CPU
		{B23D2A13-D143-FCF4-F291-7D8609DC8638}.Debug|Any CPU.ActiveCfg = Debug|Any CPU
		{B23D2A13-D143-FCF4-F291-7D8609DC8638}.Debug|Any CPU.Build.0 = Debug|Any CPU
		{B23D2A13-D143-FCF4-F291-7D8609DC8638}.Release|Any CPU.ActiveCfg = Release|Any CPU
		{B23D2A13-D143-FCF4-F291-7D8609DC8638}.Release|Any CPU.Build.0 = Release|Any CPU
		{0C044554-3250-9BE3-F2E0-1007B7A07FFE}.Debug|Any CPU.ActiveCfg = Debug|Any CPU
		{0C044554-3250-9BE3-F2E0-1007B7A07FFE}.Debug|Any CPU.Build.0 = Debug|Any CPU
		{0C044554-3250-9BE3-F2E0-1007B7A07FFE}.Release|Any CPU.ActiveCfg = Release|Any CPU
		{0C044554-3250-9BE3-F2E0-1007B7A07FFE}.Release|Any CPU.Build.0 = Release|Any CPU
		{B69E410A-1A79-02B2-A04C-B863D6A9150D}.Debug|Any CPU.ActiveCfg = Debug|Any CPU
		{B69E410A-1A79-02B2-A04C-B863D6A9150D}.Debug|Any CPU.Build.0 = Debug|Any CPU
		{B69E410A-1A79-02B2-A04C-B863D6A9150D}.Release|Any CPU.ActiveCfg = Release|Any CPU
		{B69E410A-1A79-02B2-A04C-B863D6A9150D}.Release|Any CPU.Build.0 = Release|Any CPU
		{128AC0FF-9D09-5CAE-9861-203EB9852D77}.Debug|Any CPU.ActiveCfg = Debug|Any CPU
		{128AC0FF-9D09-5CAE-9861-203EB9852D77}.Debug|Any CPU.Build.0 = Debug|Any CPU
		{128AC0FF-9D09-5CAE-9861-203EB9852D77}.Release|Any CPU.ActiveCfg = Release|Any CPU
		{128AC0FF-9D09-5CAE-9861-203EB9852D77}.Release|Any CPU.Build.0 = Release|Any CPU
		{4B06BE4A-57F3-65BA-A715-1E11874D78CA}.Debug|Any CPU.ActiveCfg = Debug|Any CPU
		{4B06BE4A-57F3-65BA-A715-1E11874D78CA}.Debug|Any CPU.Build.0 = Debug|Any CPU
		{4B06BE4A-57F3-65BA-A715-1E11874D78CA}.Release|Any CPU.ActiveCfg = Release|Any CPU
		{4B06BE4A-57F3-65BA-A715-1E11874D78CA}.Release|Any CPU.Build.0 = Release|Any CPU
		{76F0C79E-4669-B964-B593-1F6D016702CE}.Debug|Any CPU.ActiveCfg = Debug|Any CPU
		{76F0C79E-4669-B964-B593-1F6D016702CE}.Debug|Any CPU.Build.0 = Debug|Any CPU
		{76F0C79E-4669-B964-B593-1F6D016702CE}.Release|Any CPU.ActiveCfg = Release|Any CPU
		{76F0C79E-4669-B964-B593-1F6D016702CE}.Release|Any CPU.Build.0 = Release|Any CPU
		{0DEAF17C-0D79-E547-584C-0FD34333AF44}.Debug|Any CPU.ActiveCfg = Debug|Any CPU
		{0DEAF17C-0D79-E547-584C-0FD34333AF44}.Debug|Any CPU.Build.0 = Debug|Any CPU
		{0DEAF17C-0D79-E547-584C-0FD34333AF44}.Release|Any CPU.ActiveCfg = Release|Any CPU
		{0DEAF17C-0D79-E547-584C-0FD34333AF44}.Release|Any CPU.Build.0 = Release|Any CPU
		{89DF5CE0-9191-A947-4FD9-642F3758309A}.Debug|Any CPU.ActiveCfg = Debug|Any CPU
		{89DF5CE0-9191-A947-4FD9-642F3758309A}.Debug|Any CPU.Build.0 = Debug|Any CPU
		{89DF5CE0-9191-A947-4FD9-642F3758309A}.Release|Any CPU.ActiveCfg = Release|Any CPU
		{89DF5CE0-9191-A947-4FD9-642F3758309A}.Release|Any CPU.Build.0 = Release|Any CPU
		{B2F8A7AB-F447-6708-A6B6-40AABEDDE55F}.Debug|Any CPU.ActiveCfg = Debug|Any CPU
		{B2F8A7AB-F447-6708-A6B6-40AABEDDE55F}.Debug|Any CPU.Build.0 = Debug|Any CPU
		{B2F8A7AB-F447-6708-A6B6-40AABEDDE55F}.Release|Any CPU.ActiveCfg = Release|Any CPU
		{B2F8A7AB-F447-6708-A6B6-40AABEDDE55F}.Release|Any CPU.Build.0 = Release|Any CPU
		{C45B69DE-DFA6-ACA6-14B9-183F8BD77AD7}.Debug|Any CPU.ActiveCfg = Debug|Any CPU
		{C45B69DE-DFA6-ACA6-14B9-183F8BD77AD7}.Debug|Any CPU.Build.0 = Debug|Any CPU
		{C45B69DE-DFA6-ACA6-14B9-183F8BD77AD7}.Release|Any CPU.ActiveCfg = Release|Any CPU
		{C45B69DE-DFA6-ACA6-14B9-183F8BD77AD7}.Release|Any CPU.Build.0 = Release|Any CPU
		{294FAAAE-93DA-A8CD-33DB-53F20A1BA5D1}.Debug|Any CPU.ActiveCfg = Debug|Any CPU
		{294FAAAE-93DA-A8CD-33DB-53F20A1BA5D1}.Debug|Any CPU.Build.0 = Debug|Any CPU
		{294FAAAE-93DA-A8CD-33DB-53F20A1BA5D1}.Release|Any CPU.ActiveCfg = Release|Any CPU
		{294FAAAE-93DA-A8CD-33DB-53F20A1BA5D1}.Release|Any CPU.Build.0 = Release|Any CPU
		{CD7A13A7-41A6-BDEA-8432-8D6AC5BAAF59}.Debug|Any CPU.ActiveCfg = Debug|Any CPU
		{CD7A13A7-41A6-BDEA-8432-8D6AC5BAAF59}.Debug|Any CPU.Build.0 = Debug|Any CPU
		{CD7A13A7-41A6-BDEA-8432-8D6AC5BAAF59}.Release|Any CPU.ActiveCfg = Release|Any CPU
		{CD7A13A7-41A6-BDEA-8432-8D6AC5BAAF59}.Release|Any CPU.Build.0 = Release|Any CPU
		{4AA7F319-729B-60B3-6BAB-93B046328CD0}.Debug|Any CPU.ActiveCfg = Debug|Any CPU
		{4AA7F319-729B-60B3-6BAB-93B046328CD0}.Debug|Any CPU.Build.0 = Debug|Any CPU
		{4AA7F319-729B-60B3-6BAB-93B046328CD0}.Release|Any CPU.ActiveCfg = Release|Any CPU
		{4AA7F319-729B-60B3-6BAB-93B046328CD0}.Release|Any CPU.Build.0 = Release|Any CPU
		{9B68A1FF-535D-A88B-E698-77EF2FABD21B}.Debug|Any CPU.ActiveCfg = Debug|Any CPU
		{9B68A1FF-535D-A88B-E698-77EF2FABD21B}.Debug|Any CPU.Build.0 = Debug|Any CPU
		{9B68A1FF-535D-A88B-E698-77EF2FABD21B}.Release|Any CPU.ActiveCfg = Release|Any CPU
		{9B68A1FF-535D-A88B-E698-77EF2FABD21B}.Release|Any CPU.Build.0 = Release|Any CPU
		{8B1841E4-F53C-58E8-9E09-0BCB564D74ED}.Debug|Any CPU.ActiveCfg = Debug|Any CPU
		{8B1841E4-F53C-58E8-9E09-0BCB564D74ED}.Debug|Any CPU.Build.0 = Debug|Any CPU
		{8B1841E4-F53C-58E8-9E09-0BCB564D74ED}.Release|Any CPU.ActiveCfg = Release|Any CPU
		{8B1841E4-F53C-58E8-9E09-0BCB564D74ED}.Release|Any CPU.Build.0 = Release|Any CPU
		{C9C28A68-F806-A58D-AD7D-63060646B4AA}.Debug|Any CPU.ActiveCfg = Debug|Any CPU
		{C9C28A68-F806-A58D-AD7D-63060646B4AA}.Debug|Any CPU.Build.0 = Debug|Any CPU
		{C9C28A68-F806-A58D-AD7D-63060646B4AA}.Release|Any CPU.ActiveCfg = Release|Any CPU
		{C9C28A68-F806-A58D-AD7D-63060646B4AA}.Release|Any CPU.Build.0 = Release|Any CPU
		{1B050F6C-1162-4841-680F-E61E013E1EC3}.Debug|Any CPU.ActiveCfg = Debug|Any CPU
		{1B050F6C-1162-4841-680F-E61E013E1EC3}.Debug|Any CPU.Build.0 = Debug|Any CPU
		{1B050F6C-1162-4841-680F-E61E013E1EC3}.Release|Any CPU.ActiveCfg = Release|Any CPU
		{1B050F6C-1162-4841-680F-E61E013E1EC3}.Release|Any CPU.Build.0 = Release|Any CPU
		{3A5EA78B-33BA-85E6-D9F4-A94385B38C99}.Debug|Any CPU.ActiveCfg = Debug|Any CPU
		{3A5EA78B-33BA-85E6-D9F4-A94385B38C99}.Debug|Any CPU.Build.0 = Debug|Any CPU
		{3A5EA78B-33BA-85E6-D9F4-A94385B38C99}.Release|Any CPU.ActiveCfg = Release|Any CPU
		{3A5EA78B-33BA-85E6-D9F4-A94385B38C99}.Release|Any CPU.Build.0 = Release|Any CPU
		{EB5F0569-50BC-8C4E-3FC9-5A3AE8A58530}.Debug|Any CPU.ActiveCfg = Debug|Any CPU
		{EB5F0569-50BC-8C4E-3FC9-5A3AE8A58530}.Debug|Any CPU.Build.0 = Debug|Any CPU
		{EB5F0569-50BC-8C4E-3FC9-5A3AE8A58530}.Release|Any CPU.ActiveCfg = Release|Any CPU
		{EB5F0569-50BC-8C4E-3FC9-5A3AE8A58530}.Release|Any CPU.Build.0 = Release|Any CPU
		{3C8ECCAB-98CE-8FE0-EE93-1F6A38ADF67D}.Debug|Any CPU.ActiveCfg = Debug|Any CPU
		{3C8ECCAB-98CE-8FE0-EE93-1F6A38ADF67D}.Debug|Any CPU.Build.0 = Debug|Any CPU
		{3C8ECCAB-98CE-8FE0-EE93-1F6A38ADF67D}.Release|Any CPU.ActiveCfg = Release|Any CPU
		{3C8ECCAB-98CE-8FE0-EE93-1F6A38ADF67D}.Release|Any CPU.Build.0 = Release|Any CPU
		{BBBA9BEA-84AA-094C-FE3D-D95FA783CD2F}.Debug|Any CPU.ActiveCfg = Debug|Any CPU
		{BBBA9BEA-84AA-094C-FE3D-D95FA783CD2F}.Debug|Any CPU.Build.0 = Debug|Any CPU
		{BBBA9BEA-84AA-094C-FE3D-D95FA783CD2F}.Release|Any CPU.ActiveCfg = Release|Any CPU
		{BBBA9BEA-84AA-094C-FE3D-D95FA783CD2F}.Release|Any CPU.Build.0 = Release|Any CPU
		{6B9A8BB9-A134-F282-3F9E-F08D7C5E3079}.Debug|Any CPU.ActiveCfg = Debug|Any CPU
		{6B9A8BB9-A134-F282-3F9E-F08D7C5E3079}.Debug|Any CPU.Build.0 = Debug|Any CPU
		{6B9A8BB9-A134-F282-3F9E-F08D7C5E3079}.Release|Any CPU.ActiveCfg = Release|Any CPU
		{6B9A8BB9-A134-F282-3F9E-F08D7C5E3079}.Release|Any CPU.Build.0 = Release|Any CPU
		{DEBDE233-0BC5-7332-9A78-64037F71638D}.Debug|Any CPU.ActiveCfg = Debug|Any CPU
		{DEBDE233-0BC5-7332-9A78-64037F71638D}.Debug|Any CPU.Build.0 = Debug|Any CPU
		{DEBDE233-0BC5-7332-9A78-64037F71638D}.Release|Any CPU.ActiveCfg = Release|Any CPU
		{DEBDE233-0BC5-7332-9A78-64037F71638D}.Release|Any CPU.Build.0 = Release|Any CPU
		{F3791B5A-BD9B-497E-C41C-FF28B14429AE}.Debug|Any CPU.ActiveCfg = Debug|Any CPU
		{F3791B5A-BD9B-497E-C41C-FF28B14429AE}.Debug|Any CPU.Build.0 = Debug|Any CPU
		{F3791B5A-BD9B-497E-C41C-FF28B14429AE}.Release|Any CPU.ActiveCfg = Release|Any CPU
		{F3791B5A-BD9B-497E-C41C-FF28B14429AE}.Release|Any CPU.Build.0 = Release|Any CPU
		{FC43AFDC-D1FE-EA34-A0F4-5A47D74A450C}.Debug|Any CPU.ActiveCfg = Debug|Any CPU
		{FC43AFDC-D1FE-EA34-A0F4-5A47D74A450C}.Debug|Any CPU.Build.0 = Debug|Any CPU
		{FC43AFDC-D1FE-EA34-A0F4-5A47D74A450C}.Release|Any CPU.ActiveCfg = Release|Any CPU
		{FC43AFDC-D1FE-EA34-A0F4-5A47D74A450C}.Release|Any CPU.Build.0 = Release|Any CPU
		{0A91E692-B6BE-9034-07CD-74490B310581}.Debug|Any CPU.ActiveCfg = Debug|Any CPU
		{0A91E692-B6BE-9034-07CD-74490B310581}.Debug|Any CPU.Build.0 = Debug|Any CPU
		{0A91E692-B6BE-9034-07CD-74490B310581}.Release|Any CPU.ActiveCfg = Release|Any CPU
		{0A91E692-B6BE-9034-07CD-74490B310581}.Release|Any CPU.Build.0 = Release|Any CPU
		{926F6B84-1B06-4F36-223A-850CBC1C395F}.Debug|Any CPU.ActiveCfg = Debug|Any CPU
		{926F6B84-1B06-4F36-223A-850CBC1C395F}.Debug|Any CPU.Build.0 = Debug|Any CPU
		{926F6B84-1B06-4F36-223A-850CBC1C395F}.Release|Any CPU.ActiveCfg = Release|Any CPU
		{926F6B84-1B06-4F36-223A-850CBC1C395F}.Release|Any CPU.Build.0 = Release|Any CPU
		{E6E104B4-6D4A-7DAC-B5D2-6510E3B2F7E8}.Debug|Any CPU.ActiveCfg = Debug|Any CPU
		{E6E104B4-6D4A-7DAC-B5D2-6510E3B2F7E8}.Debug|Any CPU.Build.0 = Debug|Any CPU
		{E6E104B4-6D4A-7DAC-B5D2-6510E3B2F7E8}.Release|Any CPU.ActiveCfg = Release|Any CPU
		{E6E104B4-6D4A-7DAC-B5D2-6510E3B2F7E8}.Release|Any CPU.Build.0 = Release|Any CPU
		{E36B43FF-E498-D8F9-D6F0-A85FF98800D7}.Debug|Any CPU.ActiveCfg = Debug|Any CPU
		{E36B43FF-E498-D8F9-D6F0-A85FF98800D7}.Debug|Any CPU.Build.0 = Debug|Any CPU
		{E36B43FF-E498-D8F9-D6F0-A85FF98800D7}.Release|Any CPU.ActiveCfg = Release|Any CPU
		{E36B43FF-E498-D8F9-D6F0-A85FF98800D7}.Release|Any CPU.Build.0 = Release|Any CPU
		{6BAD3998-3D66-52A8-A2C6-43D91E88DB2F}.Debug|Any CPU.ActiveCfg = Debug|Any CPU
		{6BAD3998-3D66-52A8-A2C6-43D91E88DB2F}.Debug|Any CPU.Build.0 = Debug|Any CPU
		{6BAD3998-3D66-52A8-A2C6-43D91E88DB2F}.Release|Any CPU.ActiveCfg = Release|Any CPU
		{6BAD3998-3D66-52A8-A2C6-43D91E88DB2F}.Release|Any CPU.Build.0 = Release|Any CPU
		{1B3F6CA6-F812-A5B6-FA29-8533BE73C4EA}.Debug|Any CPU.ActiveCfg = Debug|Any CPU
		{1B3F6CA6-F812-A5B6-FA29-8533BE73C4EA}.Debug|Any CPU.Build.0 = Debug|Any CPU
		{1B3F6CA6-F812-A5B6-FA29-8533BE73C4EA}.Release|Any CPU.ActiveCfg = Release|Any CPU
		{1B3F6CA6-F812-A5B6-FA29-8533BE73C4EA}.Release|Any CPU.Build.0 = Release|Any CPU
		{C70B0EFF-5C76-360D-2BDF-7848ED27B229}.Debug|Any CPU.ActiveCfg = Debug|Any CPU
		{C70B0EFF-5C76-360D-2BDF-7848ED27B229}.Debug|Any CPU.Build.0 = Debug|Any CPU
		{C70B0EFF-5C76-360D-2BDF-7848ED27B229}.Release|Any CPU.ActiveCfg = Release|Any CPU
		{C70B0EFF-5C76-360D-2BDF-7848ED27B229}.Release|Any CPU.Build.0 = Release|Any CPU
		{C24DD544-1794-C8CE-3F3F-13A786AD5ABA}.Debug|Any CPU.ActiveCfg = Debug|Any CPU
		{C24DD544-1794-C8CE-3F3F-13A786AD5ABA}.Debug|Any CPU.Build.0 = Debug|Any CPU
		{C24DD544-1794-C8CE-3F3F-13A786AD5ABA}.Release|Any CPU.ActiveCfg = Release|Any CPU
		{C24DD544-1794-C8CE-3F3F-13A786AD5ABA}.Release|Any CPU.Build.0 = Release|Any CPU
		{DA3C91DE-5DD4-5141-763B-9163EB41663B}.Debug|Any CPU.ActiveCfg = Debug|Any CPU
		{DA3C91DE-5DD4-5141-763B-9163EB41663B}.Debug|Any CPU.Build.0 = Debug|Any CPU
		{DA3C91DE-5DD4-5141-763B-9163EB41663B}.Release|Any CPU.ActiveCfg = Release|Any CPU
		{DA3C91DE-5DD4-5141-763B-9163EB41663B}.Release|Any CPU.Build.0 = Release|Any CPU
		{350375BF-29D9-D774-0DC6-DAB2E3C50FA1}.Debug|Any CPU.ActiveCfg = Debug|Any CPU
		{350375BF-29D9-D774-0DC6-DAB2E3C50FA1}.Debug|Any CPU.Build.0 = Debug|Any CPU
		{350375BF-29D9-D774-0DC6-DAB2E3C50FA1}.Release|Any CPU.ActiveCfg = Release|Any CPU
		{350375BF-29D9-D774-0DC6-DAB2E3C50FA1}.Release|Any CPU.Build.0 = Release|Any CPU
		{B902C268-CB9C-EEF4-D199-6A912407107E}.Debug|Any CPU.ActiveCfg = Debug|Any CPU
		{B902C268-CB9C-EEF4-D199-6A912407107E}.Debug|Any CPU.Build.0 = Debug|Any CPU
		{B902C268-CB9C-EEF4-D199-6A912407107E}.Release|Any CPU.ActiveCfg = Release|Any CPU
		{B902C268-CB9C-EEF4-D199-6A912407107E}.Release|Any CPU.Build.0 = Release|Any CPU
		{ABD287CB-3430-7CFA-F0FD-976E3F0B7A9D}.Debug|Any CPU.ActiveCfg = Debug|Any CPU
		{ABD287CB-3430-7CFA-F0FD-976E3F0B7A9D}.Debug|Any CPU.Build.0 = Debug|Any CPU
		{ABD287CB-3430-7CFA-F0FD-976E3F0B7A9D}.Release|Any CPU.ActiveCfg = Release|Any CPU
		{ABD287CB-3430-7CFA-F0FD-976E3F0B7A9D}.Release|Any CPU.Build.0 = Release|Any CPU
		{AA383795-C76B-8B91-8AD8-1BF42386DEAF}.Debug|Any CPU.ActiveCfg = Debug|Any CPU
		{AA383795-C76B-8B91-8AD8-1BF42386DEAF}.Debug|Any CPU.Build.0 = Debug|Any CPU
		{AA383795-C76B-8B91-8AD8-1BF42386DEAF}.Release|Any CPU.ActiveCfg = Release|Any CPU
		{AA383795-C76B-8B91-8AD8-1BF42386DEAF}.Release|Any CPU.Build.0 = Release|Any CPU
		{F2A90A6F-72FF-CCE7-9013-DA0CF6BBF53F}.Debug|Any CPU.ActiveCfg = Debug|Any CPU
		{F2A90A6F-72FF-CCE7-9013-DA0CF6BBF53F}.Debug|Any CPU.Build.0 = Debug|Any CPU
		{F2A90A6F-72FF-CCE7-9013-DA0CF6BBF53F}.Release|Any CPU.ActiveCfg = Release|Any CPU
		{F2A90A6F-72FF-CCE7-9013-DA0CF6BBF53F}.Release|Any CPU.Build.0 = Release|Any CPU
		{326D379E-2F7F-5FE3-E073-38C79E69D7A2}.Debug|Any CPU.ActiveCfg = Debug|Any CPU
		{326D379E-2F7F-5FE3-E073-38C79E69D7A2}.Debug|Any CPU.Build.0 = Debug|Any CPU
		{326D379E-2F7F-5FE3-E073-38C79E69D7A2}.Release|Any CPU.ActiveCfg = Release|Any CPU
		{326D379E-2F7F-5FE3-E073-38C79E69D7A2}.Release|Any CPU.Build.0 = Release|Any CPU
		{3BB7EA10-419C-05DA-BA6B-78B3282C03B6}.Debug|Any CPU.ActiveCfg = Debug|Any CPU
		{3BB7EA10-419C-05DA-BA6B-78B3282C03B6}.Debug|Any CPU.Build.0 = Debug|Any CPU
		{3BB7EA10-419C-05DA-BA6B-78B3282C03B6}.Release|Any CPU.ActiveCfg = Release|Any CPU
		{3BB7EA10-419C-05DA-BA6B-78B3282C03B6}.Release|Any CPU.Build.0 = Release|Any CPU
		{C9413367-1B5D-B7FD-33FE-F0193AC1984F}.Debug|Any CPU.ActiveCfg = Debug|Any CPU
		{C9413367-1B5D-B7FD-33FE-F0193AC1984F}.Debug|Any CPU.Build.0 = Debug|Any CPU
		{C9413367-1B5D-B7FD-33FE-F0193AC1984F}.Release|Any CPU.ActiveCfg = Release|Any CPU
		{C9413367-1B5D-B7FD-33FE-F0193AC1984F}.Release|Any CPU.Build.0 = Release|Any CPU
		{13CD728B-E15F-4E6C-C5B6-579251CDB237}.Debug|Any CPU.ActiveCfg = Debug|Any CPU
		{13CD728B-E15F-4E6C-C5B6-579251CDB237}.Debug|Any CPU.Build.0 = Debug|Any CPU
		{13CD728B-E15F-4E6C-C5B6-579251CDB237}.Release|Any CPU.ActiveCfg = Release|Any CPU
		{13CD728B-E15F-4E6C-C5B6-579251CDB237}.Release|Any CPU.Build.0 = Release|Any CPU
		{AF0D9475-D4EC-1096-CE06-89123BFB864B}.Debug|Any CPU.ActiveCfg = Debug|Any CPU
		{AF0D9475-D4EC-1096-CE06-89123BFB864B}.Debug|Any CPU.Build.0 = Debug|Any CPU
		{AF0D9475-D4EC-1096-CE06-89123BFB864B}.Release|Any CPU.ActiveCfg = Release|Any CPU
		{AF0D9475-D4EC-1096-CE06-89123BFB864B}.Release|Any CPU.Build.0 = Release|Any CPU
		{50C8F842-9FE2-FEC6-8E1B-2C9CE4B06153}.Debug|Any CPU.ActiveCfg = Debug|Any CPU
		{50C8F842-9FE2-FEC6-8E1B-2C9CE4B06153}.Debug|Any CPU.Build.0 = Debug|Any CPU
		{50C8F842-9FE2-FEC6-8E1B-2C9CE4B06153}.Release|Any CPU.ActiveCfg = Release|Any CPU
		{50C8F842-9FE2-FEC6-8E1B-2C9CE4B06153}.Release|Any CPU.Build.0 = Release|Any CPU
		{F3E59659-4399-9707-ED74-A3CDEECFE741}.Debug|Any CPU.ActiveCfg = Debug|Any CPU
		{F3E59659-4399-9707-ED74-A3CDEECFE741}.Debug|Any CPU.Build.0 = Debug|Any CPU
		{F3E59659-4399-9707-ED74-A3CDEECFE741}.Release|Any CPU.ActiveCfg = Release|Any CPU
		{F3E59659-4399-9707-ED74-A3CDEECFE741}.Release|Any CPU.Build.0 = Release|Any CPU
		{954AD95A-918E-3B07-61AD-FABE14C7C68D}.Debug|Any CPU.ActiveCfg = Debug|Any CPU
		{954AD95A-918E-3B07-61AD-FABE14C7C68D}.Debug|Any CPU.Build.0 = Debug|Any CPU
		{954AD95A-918E-3B07-61AD-FABE14C7C68D}.Release|Any CPU.ActiveCfg = Release|Any CPU
		{954AD95A-918E-3B07-61AD-FABE14C7C68D}.Release|Any CPU.Build.0 = Release|Any CPU
		{B67C464A-409B-F9CD-7E15-00C9E6324EE6}.Debug|Any CPU.ActiveCfg = Debug|Any CPU
		{B67C464A-409B-F9CD-7E15-00C9E6324EE6}.Debug|Any CPU.Build.0 = Debug|Any CPU
		{B67C464A-409B-F9CD-7E15-00C9E6324EE6}.Release|Any CPU.ActiveCfg = Release|Any CPU
		{B67C464A-409B-F9CD-7E15-00C9E6324EE6}.Release|Any CPU.Build.0 = Release|Any CPU
		{29BA5B5B-0352-BB17-4C83-95F758102315}.Debug|Any CPU.ActiveCfg = Debug|Any CPU
		{29BA5B5B-0352-BB17-4C83-95F758102315}.Debug|Any CPU.Build.0 = Debug|Any CPU
		{29BA5B5B-0352-BB17-4C83-95F758102315}.Release|Any CPU.ActiveCfg = Release|Any CPU
		{29BA5B5B-0352-BB17-4C83-95F758102315}.Release|Any CPU.Build.0 = Release|Any CPU
		{E46EABA9-3C6E-7F11-170F-F453A0D8A571}.Debug|Any CPU.ActiveCfg = Debug|Any CPU
		{E46EABA9-3C6E-7F11-170F-F453A0D8A571}.Debug|Any CPU.Build.0 = Debug|Any CPU
		{E46EABA9-3C6E-7F11-170F-F453A0D8A571}.Release|Any CPU.ActiveCfg = Release|Any CPU
		{E46EABA9-3C6E-7F11-170F-F453A0D8A571}.Release|Any CPU.Build.0 = Release|Any CPU
		{2D79873B-D597-A8DE-8A66-48B0DC753994}.Debug|Any CPU.ActiveCfg = Debug|Any CPU
		{2D79873B-D597-A8DE-8A66-48B0DC753994}.Debug|Any CPU.Build.0 = Debug|Any CPU
		{2D79873B-D597-A8DE-8A66-48B0DC753994}.Release|Any CPU.ActiveCfg = Release|Any CPU
		{2D79873B-D597-A8DE-8A66-48B0DC753994}.Release|Any CPU.Build.0 = Release|Any CPU
		{4B3E8923-5A94-A034-F373-FCDDD4359FA9}.Debug|Any CPU.ActiveCfg = Debug|Any CPU
		{4B3E8923-5A94-A034-F373-FCDDD4359FA9}.Debug|Any CPU.Build.0 = Debug|Any CPU
		{4B3E8923-5A94-A034-F373-FCDDD4359FA9}.Release|Any CPU.ActiveCfg = Release|Any CPU
		{4B3E8923-5A94-A034-F373-FCDDD4359FA9}.Release|Any CPU.Build.0 = Release|Any CPU
		{6510C3D1-343A-F415-9064-B75CF0ACB10F}.Debug|Any CPU.ActiveCfg = Debug|Any CPU
		{6510C3D1-343A-F415-9064-B75CF0ACB10F}.Debug|Any CPU.Build.0 = Debug|Any CPU
		{6510C3D1-343A-F415-9064-B75CF0ACB10F}.Release|Any CPU.ActiveCfg = Release|Any CPU
		{6510C3D1-343A-F415-9064-B75CF0ACB10F}.Release|Any CPU.Build.0 = Release|Any CPU
		{A003689C-942A-BA14-98DC-0032E0EDF014}.Debug|Any CPU.ActiveCfg = Debug|Any CPU
		{A003689C-942A-BA14-98DC-0032E0EDF014}.Debug|Any CPU.Build.0 = Debug|Any CPU
		{A003689C-942A-BA14-98DC-0032E0EDF014}.Release|Any CPU.ActiveCfg = Release|Any CPU
		{A003689C-942A-BA14-98DC-0032E0EDF014}.Release|Any CPU.Build.0 = Release|Any CPU
		{D6F352E4-1A78-1793-654A-0576174EBA55}.Debug|Any CPU.ActiveCfg = Debug|Any CPU
		{D6F352E4-1A78-1793-654A-0576174EBA55}.Debug|Any CPU.Build.0 = Debug|Any CPU
		{D6F352E4-1A78-1793-654A-0576174EBA55}.Release|Any CPU.ActiveCfg = Release|Any CPU
		{D6F352E4-1A78-1793-654A-0576174EBA55}.Release|Any CPU.Build.0 = Release|Any CPU
		{83B2DB77-AB9B-7C69-289D-AF61A989B262}.Debug|Any CPU.ActiveCfg = Debug|Any CPU
		{83B2DB77-AB9B-7C69-289D-AF61A989B262}.Debug|Any CPU.Build.0 = Debug|Any CPU
		{83B2DB77-AB9B-7C69-289D-AF61A989B262}.Release|Any CPU.ActiveCfg = Release|Any CPU
		{83B2DB77-AB9B-7C69-289D-AF61A989B262}.Release|Any CPU.Build.0 = Release|Any CPU
		{23F9D405-3BDD-4419-485B-398E3C85F40C}.Debug|Any CPU.ActiveCfg = Debug|Any CPU
		{23F9D405-3BDD-4419-485B-398E3C85F40C}.Debug|Any CPU.Build.0 = Debug|Any CPU
		{23F9D405-3BDD-4419-485B-398E3C85F40C}.Release|Any CPU.ActiveCfg = Release|Any CPU
		{23F9D405-3BDD-4419-485B-398E3C85F40C}.Release|Any CPU.Build.0 = Release|Any CPU
		{DE006EBD-142C-7E30-B700-5711A9C80E04}.Debug|Any CPU.ActiveCfg = Debug|Any CPU
		{DE006EBD-142C-7E30-B700-5711A9C80E04}.Debug|Any CPU.Build.0 = Debug|Any CPU
		{DE006EBD-142C-7E30-B700-5711A9C80E04}.Release|Any CPU.ActiveCfg = Release|Any CPU
		{DE006EBD-142C-7E30-B700-5711A9C80E04}.Release|Any CPU.Build.0 = Release|Any CPU
		{A44ABBD7-8B99-5174-C712-FE9AC8B89247}.Debug|Any CPU.ActiveCfg = Debug|Any CPU
		{A44ABBD7-8B99-5174-C712-FE9AC8B89247}.Debug|Any CPU.Build.0 = Debug|Any CPU
		{A44ABBD7-8B99-5174-C712-FE9AC8B89247}.Release|Any CPU.ActiveCfg = Release|Any CPU
		{A44ABBD7-8B99-5174-C712-FE9AC8B89247}.Release|Any CPU.Build.0 = Release|Any CPU
		{5E0BC4F0-D3FA-1C2E-2C2F-EBF4F4C4BBCF}.Debug|Any CPU.ActiveCfg = Debug|Any CPU
		{5E0BC4F0-D3FA-1C2E-2C2F-EBF4F4C4BBCF}.Debug|Any CPU.Build.0 = Debug|Any CPU
		{5E0BC4F0-D3FA-1C2E-2C2F-EBF4F4C4BBCF}.Release|Any CPU.ActiveCfg = Release|Any CPU
		{5E0BC4F0-D3FA-1C2E-2C2F-EBF4F4C4BBCF}.Release|Any CPU.Build.0 = Release|Any CPU
		{07D9A6CE-1EDB-DBA2-CD1E-18E88189BAF7}.Debug|Any CPU.ActiveCfg = Debug|Any CPU
		{07D9A6CE-1EDB-DBA2-CD1E-18E88189BAF7}.Debug|Any CPU.Build.0 = Debug|Any CPU
		{07D9A6CE-1EDB-DBA2-CD1E-18E88189BAF7}.Release|Any CPU.ActiveCfg = Release|Any CPU
		{07D9A6CE-1EDB-DBA2-CD1E-18E88189BAF7}.Release|Any CPU.Build.0 = Release|Any CPU
		{52A9C026-417D-0DA0-679F-F342E8A0D3CA}.Debug|Any CPU.ActiveCfg = Debug|Any CPU
		{52A9C026-417D-0DA0-679F-F342E8A0D3CA}.Debug|Any CPU.Build.0 = Debug|Any CPU
		{52A9C026-417D-0DA0-679F-F342E8A0D3CA}.Release|Any CPU.ActiveCfg = Release|Any CPU
		{52A9C026-417D-0DA0-679F-F342E8A0D3CA}.Release|Any CPU.Build.0 = Release|Any CPU
		{4435E6E3-E6F5-C149-0860-228054E0DC9B}.Debug|Any CPU.ActiveCfg = Debug|Any CPU
		{4435E6E3-E6F5-C149-0860-228054E0DC9B}.Debug|Any CPU.Build.0 = Debug|Any CPU
		{4435E6E3-E6F5-C149-0860-228054E0DC9B}.Release|Any CPU.ActiveCfg = Release|Any CPU
		{4435E6E3-E6F5-C149-0860-228054E0DC9B}.Release|Any CPU.Build.0 = Release|Any CPU
		{F4DE5684-FDF2-4E14-C8A6-2E29E1A6F488}.Debug|Any CPU.ActiveCfg = Debug|Any CPU
		{F4DE5684-FDF2-4E14-C8A6-2E29E1A6F488}.Debug|Any CPU.Build.0 = Debug|Any CPU
		{F4DE5684-FDF2-4E14-C8A6-2E29E1A6F488}.Release|Any CPU.ActiveCfg = Release|Any CPU
		{F4DE5684-FDF2-4E14-C8A6-2E29E1A6F488}.Release|Any CPU.Build.0 = Release|Any CPU
		{F18EA4AA-24A2-DD27-A0E1-A7A383571AA4}.Debug|Any CPU.ActiveCfg = Debug|Any CPU
		{F18EA4AA-24A2-DD27-A0E1-A7A383571AA4}.Debug|Any CPU.Build.0 = Debug|Any CPU
		{F18EA4AA-24A2-DD27-A0E1-A7A383571AA4}.Release|Any CPU.ActiveCfg = Release|Any CPU
		{F18EA4AA-24A2-DD27-A0E1-A7A383571AA4}.Release|Any CPU.Build.0 = Release|Any CPU
		{181EBC95-D4B6-D637-FB95-38DE1E079515}.Debug|Any CPU.ActiveCfg = Debug|Any CPU
		{181EBC95-D4B6-D637-FB95-38DE1E079515}.Debug|Any CPU.Build.0 = Debug|Any CPU
		{181EBC95-D4B6-D637-FB95-38DE1E079515}.Release|Any CPU.ActiveCfg = Release|Any CPU
		{181EBC95-D4B6-D637-FB95-38DE1E079515}.Release|Any CPU.Build.0 = Release|Any CPU
		{80827278-2B0C-E5A4-5483-DC3FB28F147D}.Debug|Any CPU.ActiveCfg = Debug|Any CPU
		{80827278-2B0C-E5A4-5483-DC3FB28F147D}.Debug|Any CPU.Build.0 = Debug|Any CPU
		{80827278-2B0C-E5A4-5483-DC3FB28F147D}.Release|Any CPU.ActiveCfg = Release|Any CPU
		{80827278-2B0C-E5A4-5483-DC3FB28F147D}.Release|Any CPU.Build.0 = Release|Any CPU
		{5908EAE9-74B3-D124-B849-83B66A2B435C}.Debug|Any CPU.ActiveCfg = Debug|Any CPU
		{5908EAE9-74B3-D124-B849-83B66A2B435C}.Debug|Any CPU.Build.0 = Debug|Any CPU
		{5908EAE9-74B3-D124-B849-83B66A2B435C}.Release|Any CPU.ActiveCfg = Release|Any CPU
		{5908EAE9-74B3-D124-B849-83B66A2B435C}.Release|Any CPU.Build.0 = Release|Any CPU
		{BA07BCF3-7BD3-308D-9FC1-9589465370FA}.Debug|Any CPU.ActiveCfg = Debug|Any CPU
		{BA07BCF3-7BD3-308D-9FC1-9589465370FA}.Debug|Any CPU.Build.0 = Debug|Any CPU
		{BA07BCF3-7BD3-308D-9FC1-9589465370FA}.Release|Any CPU.ActiveCfg = Release|Any CPU
		{BA07BCF3-7BD3-308D-9FC1-9589465370FA}.Release|Any CPU.Build.0 = Release|Any CPU
		{264A44AB-A60D-9AE1-DCFE-F58E6ADC83DB}.Debug|Any CPU.ActiveCfg = Debug|Any CPU
		{264A44AB-A60D-9AE1-DCFE-F58E6ADC83DB}.Debug|Any CPU.Build.0 = Debug|Any CPU
		{264A44AB-A60D-9AE1-DCFE-F58E6ADC83DB}.Release|Any CPU.ActiveCfg = Release|Any CPU
		{264A44AB-A60D-9AE1-DCFE-F58E6ADC83DB}.Release|Any CPU.Build.0 = Release|Any CPU
		{3B73B7BA-EC92-56D7-277E-ED454C713A49}.Debug|Any CPU.ActiveCfg = Debug|Any CPU
		{3B73B7BA-EC92-56D7-277E-ED454C713A49}.Debug|Any CPU.Build.0 = Debug|Any CPU
		{3B73B7BA-EC92-56D7-277E-ED454C713A49}.Release|Any CPU.ActiveCfg = Release|Any CPU
		{3B73B7BA-EC92-56D7-277E-ED454C713A49}.Release|Any CPU.Build.0 = Release|Any CPU
		{A91462AA-4442-E494-4EFE-CA3B6B2CB70C}.Debug|Any CPU.ActiveCfg = Debug|Any CPU
		{A91462AA-4442-E494-4EFE-CA3B6B2CB70C}.Debug|Any CPU.Build.0 = Debug|Any CPU
		{A91462AA-4442-E494-4EFE-CA3B6B2CB70C}.Release|Any CPU.ActiveCfg = Release|Any CPU
		{A91462AA-4442-E494-4EFE-CA3B6B2CB70C}.Release|Any CPU.Build.0 = Release|Any CPU
		{15C5176E-393D-B119-5793-EA81393C9893}.Debug|Any CPU.ActiveCfg = Debug|Any CPU
		{15C5176E-393D-B119-5793-EA81393C9893}.Debug|Any CPU.Build.0 = Debug|Any CPU
		{15C5176E-393D-B119-5793-EA81393C9893}.Release|Any CPU.ActiveCfg = Release|Any CPU
		{15C5176E-393D-B119-5793-EA81393C9893}.Release|Any CPU.Build.0 = Release|Any CPU
		{D98FCC38-BEAF-ACFA-8772-776FC324D60F}.Debug|Any CPU.ActiveCfg = Debug|Any CPU
		{D98FCC38-BEAF-ACFA-8772-776FC324D60F}.Debug|Any CPU.Build.0 = Debug|Any CPU
		{D98FCC38-BEAF-ACFA-8772-776FC324D60F}.Release|Any CPU.ActiveCfg = Release|Any CPU
		{D98FCC38-BEAF-ACFA-8772-776FC324D60F}.Release|Any CPU.Build.0 = Release|Any CPU
		{213D521C-FFE7-93A4-A162-640E4600632B}.Debug|Any CPU.ActiveCfg = Debug|Any CPU
		{213D521C-FFE7-93A4-A162-640E4600632B}.Debug|Any CPU.Build.0 = Debug|Any CPU
		{213D521C-FFE7-93A4-A162-640E4600632B}.Release|Any CPU.ActiveCfg = Release|Any CPU
		{213D521C-FFE7-93A4-A162-640E4600632B}.Release|Any CPU.Build.0 = Release|Any CPU
		{9B051971-621F-9327-2670-DEE4DB0D31B4}.Debug|Any CPU.ActiveCfg = Debug|Any CPU
		{9B051971-621F-9327-2670-DEE4DB0D31B4}.Debug|Any CPU.Build.0 = Debug|Any CPU
		{9B051971-621F-9327-2670-DEE4DB0D31B4}.Release|Any CPU.ActiveCfg = Release|Any CPU
		{9B051971-621F-9327-2670-DEE4DB0D31B4}.Release|Any CPU.Build.0 = Release|Any CPU
		{7982561F-D429-C65E-4DB3-877307646698}.Debug|Any CPU.ActiveCfg = Debug|Any CPU
		{7982561F-D429-C65E-4DB3-877307646698}.Debug|Any CPU.Build.0 = Debug|Any CPU
		{7982561F-D429-C65E-4DB3-877307646698}.Release|Any CPU.ActiveCfg = Release|Any CPU
		{7982561F-D429-C65E-4DB3-877307646698}.Release|Any CPU.Build.0 = Release|Any CPU
		{CFD11909-5283-768C-CC25-A3537D7E06C6}.Debug|Any CPU.ActiveCfg = Debug|Any CPU
		{CFD11909-5283-768C-CC25-A3537D7E06C6}.Debug|Any CPU.Build.0 = Debug|Any CPU
		{CFD11909-5283-768C-CC25-A3537D7E06C6}.Release|Any CPU.ActiveCfg = Release|Any CPU
		{CFD11909-5283-768C-CC25-A3537D7E06C6}.Release|Any CPU.Build.0 = Release|Any CPU
		{8638E3DA-ABA1-3286-B093-515A567B9AF3}.Debug|Any CPU.ActiveCfg = Debug|Any CPU
		{8638E3DA-ABA1-3286-B093-515A567B9AF3}.Debug|Any CPU.Build.0 = Debug|Any CPU
		{8638E3DA-ABA1-3286-B093-515A567B9AF3}.Release|Any CPU.ActiveCfg = Release|Any CPU
		{8638E3DA-ABA1-3286-B093-515A567B9AF3}.Release|Any CPU.Build.0 = Release|Any CPU
		{0B06C38D-F011-B809-2CA8-E55D35BF6858}.Debug|Any CPU.ActiveCfg = Debug|Any CPU
		{0B06C38D-F011-B809-2CA8-E55D35BF6858}.Debug|Any CPU.Build.0 = Debug|Any CPU
		{0B06C38D-F011-B809-2CA8-E55D35BF6858}.Release|Any CPU.ActiveCfg = Release|Any CPU
		{0B06C38D-F011-B809-2CA8-E55D35BF6858}.Release|Any CPU.Build.0 = Release|Any CPU
		{C5DF8B03-E681-2A01-E18E-BA4B4939C8E0}.Debug|Any CPU.ActiveCfg = Debug|Any CPU
		{C5DF8B03-E681-2A01-E18E-BA4B4939C8E0}.Debug|Any CPU.Build.0 = Debug|Any CPU
		{C5DF8B03-E681-2A01-E18E-BA4B4939C8E0}.Release|Any CPU.ActiveCfg = Release|Any CPU
		{C5DF8B03-E681-2A01-E18E-BA4B4939C8E0}.Release|Any CPU.Build.0 = Release|Any CPU
		{E576FB86-2FD3-1458-2FEE-5F8F83534D63}.Debug|Any CPU.ActiveCfg = Debug|Any CPU
		{E576FB86-2FD3-1458-2FEE-5F8F83534D63}.Debug|Any CPU.Build.0 = Debug|Any CPU
		{E576FB86-2FD3-1458-2FEE-5F8F83534D63}.Release|Any CPU.ActiveCfg = Release|Any CPU
		{E576FB86-2FD3-1458-2FEE-5F8F83534D63}.Release|Any CPU.Build.0 = Release|Any CPU
		{C3FA0F9A-B31F-A7DA-B606-D345E1F09ACD}.Debug|Any CPU.ActiveCfg = Debug|Any CPU
		{C3FA0F9A-B31F-A7DA-B606-D345E1F09ACD}.Debug|Any CPU.Build.0 = Debug|Any CPU
		{C3FA0F9A-B31F-A7DA-B606-D345E1F09ACD}.Release|Any CPU.ActiveCfg = Release|Any CPU
		{C3FA0F9A-B31F-A7DA-B606-D345E1F09ACD}.Release|Any CPU.Build.0 = Release|Any CPU
		{43FFB59D-A89A-F4C0-9B90-D9F82D46E9F2}.Debug|Any CPU.ActiveCfg = Debug|Any CPU
		{43FFB59D-A89A-F4C0-9B90-D9F82D46E9F2}.Debug|Any CPU.Build.0 = Debug|Any CPU
		{43FFB59D-A89A-F4C0-9B90-D9F82D46E9F2}.Release|Any CPU.ActiveCfg = Release|Any CPU
		{43FFB59D-A89A-F4C0-9B90-D9F82D46E9F2}.Release|Any CPU.Build.0 = Release|Any CPU
		{31B59689-2596-B1E9-23C6-B447129CF19C}.Debug|Any CPU.ActiveCfg = Debug|Any CPU
		{31B59689-2596-B1E9-23C6-B447129CF19C}.Debug|Any CPU.Build.0 = Debug|Any CPU
		{31B59689-2596-B1E9-23C6-B447129CF19C}.Release|Any CPU.ActiveCfg = Release|Any CPU
		{31B59689-2596-B1E9-23C6-B447129CF19C}.Release|Any CPU.Build.0 = Release|Any CPU
		{F8FBC6E9-F2F4-D3F0-CD2E-FEB6EE9B21F4}.Debug|Any CPU.ActiveCfg = Debug|Any CPU
		{F8FBC6E9-F2F4-D3F0-CD2E-FEB6EE9B21F4}.Debug|Any CPU.Build.0 = Debug|Any CPU
		{F8FBC6E9-F2F4-D3F0-CD2E-FEB6EE9B21F4}.Release|Any CPU.ActiveCfg = Release|Any CPU
		{F8FBC6E9-F2F4-D3F0-CD2E-FEB6EE9B21F4}.Release|Any CPU.Build.0 = Release|Any CPU
		{D9A4ADBD-C256-D95F-A4EF-69D95539BE19}.Debug|Any CPU.ActiveCfg = Debug|Any CPU
		{D9A4ADBD-C256-D95F-A4EF-69D95539BE19}.Debug|Any CPU.Build.0 = Debug|Any CPU
		{D9A4ADBD-C256-D95F-A4EF-69D95539BE19}.Release|Any CPU.ActiveCfg = Release|Any CPU
		{D9A4ADBD-C256-D95F-A4EF-69D95539BE19}.Release|Any CPU.Build.0 = Release|Any CPU
		{1FD5E440-43A3-1F53-4393-ED1BA4DADD84}.Debug|Any CPU.ActiveCfg = Debug|Any CPU
		{1FD5E440-43A3-1F53-4393-ED1BA4DADD84}.Debug|Any CPU.Build.0 = Debug|Any CPU
		{1FD5E440-43A3-1F53-4393-ED1BA4DADD84}.Release|Any CPU.ActiveCfg = Release|Any CPU
		{1FD5E440-43A3-1F53-4393-ED1BA4DADD84}.Release|Any CPU.Build.0 = Release|Any CPU
		{0F2FE187-FF1E-1154-28CA-B61CEA847656}.Debug|Any CPU.ActiveCfg = Debug|Any CPU
		{0F2FE187-FF1E-1154-28CA-B61CEA847656}.Debug|Any CPU.Build.0 = Debug|Any CPU
		{0F2FE187-FF1E-1154-28CA-B61CEA847656}.Release|Any CPU.ActiveCfg = Release|Any CPU
		{0F2FE187-FF1E-1154-28CA-B61CEA847656}.Release|Any CPU.Build.0 = Release|Any CPU
		{FF102935-9F5E-06C5-D24F-541EBDAF430F}.Debug|Any CPU.ActiveCfg = Debug|Any CPU
		{FF102935-9F5E-06C5-D24F-541EBDAF430F}.Debug|Any CPU.Build.0 = Debug|Any CPU
		{FF102935-9F5E-06C5-D24F-541EBDAF430F}.Release|Any CPU.ActiveCfg = Release|Any CPU
		{FF102935-9F5E-06C5-D24F-541EBDAF430F}.Release|Any CPU.Build.0 = Release|Any CPU
		{23A67CFC-FF49-8705-0979-6FB5085542C7}.Debug|Any CPU.ActiveCfg = Debug|Any CPU
		{23A67CFC-FF49-8705-0979-6FB5085542C7}.Debug|Any CPU.Build.0 = Debug|Any CPU
		{23A67CFC-FF49-8705-0979-6FB5085542C7}.Release|Any CPU.ActiveCfg = Release|Any CPU
		{23A67CFC-FF49-8705-0979-6FB5085542C7}.Release|Any CPU.Build.0 = Release|Any CPU
		{70D09188-7A7B-7D36-A994-FD09E3C3E6CD}.Debug|Any CPU.ActiveCfg = Debug|Any CPU
		{70D09188-7A7B-7D36-A994-FD09E3C3E6CD}.Debug|Any CPU.Build.0 = Debug|Any CPU
		{70D09188-7A7B-7D36-A994-FD09E3C3E6CD}.Release|Any CPU.ActiveCfg = Release|Any CPU
		{70D09188-7A7B-7D36-A994-FD09E3C3E6CD}.Release|Any CPU.Build.0 = Release|Any CPU
		{4134A968-AFE9-D8BF-0E5B-F3F37D07653B}.Debug|Any CPU.ActiveCfg = Debug|Any CPU
		{4134A968-AFE9-D8BF-0E5B-F3F37D07653B}.Debug|Any CPU.Build.0 = Debug|Any CPU
		{4134A968-AFE9-D8BF-0E5B-F3F37D07653B}.Release|Any CPU.ActiveCfg = Release|Any CPU
		{4134A968-AFE9-D8BF-0E5B-F3F37D07653B}.Release|Any CPU.Build.0 = Release|Any CPU
		{ECF2CFAA-1DA3-7456-9425-AD2604E2D537}.Debug|Any CPU.ActiveCfg = Debug|Any CPU
		{ECF2CFAA-1DA3-7456-9425-AD2604E2D537}.Debug|Any CPU.Build.0 = Debug|Any CPU
		{ECF2CFAA-1DA3-7456-9425-AD2604E2D537}.Release|Any CPU.ActiveCfg = Release|Any CPU
		{ECF2CFAA-1DA3-7456-9425-AD2604E2D537}.Release|Any CPU.Build.0 = Release|Any CPU
		{561B1EC3-37D3-FE16-71F3-4650BA3C2F56}.Debug|Any CPU.ActiveCfg = Debug|Any CPU
		{561B1EC3-37D3-FE16-71F3-4650BA3C2F56}.Debug|Any CPU.Build.0 = Debug|Any CPU
		{561B1EC3-37D3-FE16-71F3-4650BA3C2F56}.Release|Any CPU.ActiveCfg = Release|Any CPU
		{561B1EC3-37D3-FE16-71F3-4650BA3C2F56}.Release|Any CPU.Build.0 = Release|Any CPU
		{7C7B3E1D-A8FF-4FDD-FB0B-C22DD238402C}.Debug|Any CPU.ActiveCfg = Debug|Any CPU
		{7C7B3E1D-A8FF-4FDD-FB0B-C22DD238402C}.Debug|Any CPU.Build.0 = Debug|Any CPU
		{7C7B3E1D-A8FF-4FDD-FB0B-C22DD238402C}.Release|Any CPU.ActiveCfg = Release|Any CPU
		{7C7B3E1D-A8FF-4FDD-FB0B-C22DD238402C}.Release|Any CPU.Build.0 = Release|Any CPU
		{2515B480-19C2-23F4-AE5E-AA88DFB84CF0}.Debug|Any CPU.ActiveCfg = Debug|Any CPU
		{2515B480-19C2-23F4-AE5E-AA88DFB84CF0}.Debug|Any CPU.Build.0 = Debug|Any CPU
		{2515B480-19C2-23F4-AE5E-AA88DFB84CF0}.Release|Any CPU.ActiveCfg = Release|Any CPU
		{2515B480-19C2-23F4-AE5E-AA88DFB84CF0}.Release|Any CPU.Build.0 = Release|Any CPU
		{929374CB-D927-F69D-62F9-1D23AD1835D4}.Debug|Any CPU.ActiveCfg = Debug|Any CPU
		{929374CB-D927-F69D-62F9-1D23AD1835D4}.Debug|Any CPU.Build.0 = Debug|Any CPU
		{929374CB-D927-F69D-62F9-1D23AD1835D4}.Release|Any CPU.ActiveCfg = Release|Any CPU
		{929374CB-D927-F69D-62F9-1D23AD1835D4}.Release|Any CPU.Build.0 = Release|Any CPU
		{0B9B805A-971A-F54D-15E4-69CE5556221A}.Debug|Any CPU.ActiveCfg = Debug|Any CPU
		{0B9B805A-971A-F54D-15E4-69CE5556221A}.Debug|Any CPU.Build.0 = Debug|Any CPU
		{0B9B805A-971A-F54D-15E4-69CE5556221A}.Release|Any CPU.ActiveCfg = Release|Any CPU
		{0B9B805A-971A-F54D-15E4-69CE5556221A}.Release|Any CPU.Build.0 = Release|Any CPU
		{640DF539-88F7-8F1E-6D02-9A8981121BB4}.Debug|Any CPU.ActiveCfg = Debug|Any CPU
		{640DF539-88F7-8F1E-6D02-9A8981121BB4}.Debug|Any CPU.Build.0 = Debug|Any CPU
		{640DF539-88F7-8F1E-6D02-9A8981121BB4}.Release|Any CPU.ActiveCfg = Release|Any CPU
		{640DF539-88F7-8F1E-6D02-9A8981121BB4}.Release|Any CPU.Build.0 = Release|Any CPU
		{C798E449-2582-21D3-8DAE-2DC226494310}.Debug|Any CPU.ActiveCfg = Debug|Any CPU
		{C798E449-2582-21D3-8DAE-2DC226494310}.Debug|Any CPU.Build.0 = Debug|Any CPU
		{C798E449-2582-21D3-8DAE-2DC226494310}.Release|Any CPU.ActiveCfg = Release|Any CPU
		{C798E449-2582-21D3-8DAE-2DC226494310}.Release|Any CPU.Build.0 = Release|Any CPU
		{D23D5299-43A3-EF41-2FDF-E6F44D2223B8}.Debug|Any CPU.ActiveCfg = Debug|Any CPU
		{D23D5299-43A3-EF41-2FDF-E6F44D2223B8}.Debug|Any CPU.Build.0 = Debug|Any CPU
		{D23D5299-43A3-EF41-2FDF-E6F44D2223B8}.Release|Any CPU.ActiveCfg = Release|Any CPU
		{D23D5299-43A3-EF41-2FDF-E6F44D2223B8}.Release|Any CPU.Build.0 = Release|Any CPU
	EndGlobalSection
	GlobalSection(SolutionProperties) = preSolution
		HideSolutionNode = FALSE
	EndGlobalSection
EndGlobal
